// !$*UTF8*$!
{
	archiveVersion = 1;
	classes = {
	};
	objectVersion = 56;
	objects = {

/* Begin PBXBuildFile section */
		9A56314DD1759F12616209AD /* Pods_iov_ios_app.framework in Frameworks */ = {isa = PBXBuildFile; fileRef = 747A1296B00F20D7AE87A179 /* Pods_iov_ios_app.framework */; };
		BF400E9C2B2996FF006931B5 /* UserManager.swift in Sources */ = {isa = PBXBuildFile; fileRef = BF400E9B2B2996FF006931B5 /* UserManager.swift */; };
		BF400E9E2B2998FF006931B5 /* RealmManager.swift in Sources */ = {isa = PBXBuildFile; fileRef = BF400E9D2B2998FF006931B5 /* RealmManager.swift */; };
		BF400EA02B29A58A006931B5 /* MyView_Login.swift in Sources */ = {isa = PBXBuildFile; fileRef = BF400E9F2B29A58A006931B5 /* MyView_Login.swift */; };
		BF400EA22B29A76F006931B5 /* MyView_NotLogin.swift in Sources */ = {isa = PBXBuildFile; fileRef = BF400EA12B29A76F006931B5 /* MyView_NotLogin.swift */; };
		BF400EA72B2ADCC9006931B5 /* ColorExtension.swift in Sources */ = {isa = PBXBuildFile; fileRef = BF400EA62B2ADCC9006931B5 /* ColorExtension.swift */; };
		BF400EAA2B2AE0D4006931B5 /* Theme.swift in Sources */ = {isa = PBXBuildFile; fileRef = BF400EA92B2AE0D4006931B5 /* Theme.swift */; };
		BF400EAD2B2B3D1E006931B5 /* ClearButton.swift in Sources */ = {isa = PBXBuildFile; fileRef = BF400EAC2B2B3D1E006931B5 /* ClearButton.swift */; };
		BF400EB42B2EE599006931B5 /* Constants.swift in Sources */ = {isa = PBXBuildFile; fileRef = BF400EB32B2EE599006931B5 /* Constants.swift */; };
		BF4E9EF92B5A256300D62888 /* CaptchaTextField.swift in Sources */ = {isa = PBXBuildFile; fileRef = BF4E9EF82B5A256300D62888 /* CaptchaTextField.swift */; };
		BF4E9EFB2B5A45E500D62888 /* LoginView_MobileLogin.swift in Sources */ = {isa = PBXBuildFile; fileRef = BF4E9EFA2B5A45E500D62888 /* LoginView_MobileLogin.swift */; };
		BF4E9EFD2B5A48BE00D62888 /* LoginView_MobileVerifyCode.swift in Sources */ = {isa = PBXBuildFile; fileRef = BF4E9EFC2B5A48BE00D62888 /* LoginView_MobileVerifyCode.swift */; };
		BF76DB8B2A3DCDCC00F57257 /* TitleList.swift in Sources */ = {isa = PBXBuildFile; fileRef = BF76DB8A2A3DCDCC00F57257 /* TitleList.swift */; };
		BF76DB8E2A4147B200F57257 /* MySettingProfileView.swift in Sources */ = {isa = PBXBuildFile; fileRef = BF76DB8D2A4147B200F57257 /* MySettingProfileView.swift */; };
		BF76DB912A414F1700F57257 /* ContentList.swift in Sources */ = {isa = PBXBuildFile; fileRef = BF76DB902A414F1700F57257 /* ContentList.swift */; };
		BF76DB942A41523100F57257 /* BottomLineModifier.swift in Sources */ = {isa = PBXBuildFile; fileRef = BF76DB932A41523100F57257 /* BottomLineModifier.swift */; };
		BF76DB9F2A417FE800F57257 /* TextIFieldtem.swift in Sources */ = {isa = PBXBuildFile; fileRef = BF76DB9E2A417FE800F57257 /* TextIFieldtem.swift */; };
		BF76DBA12A41BE6400F57257 /* CommonUtil.swift in Sources */ = {isa = PBXBuildFile; fileRef = BF76DBA02A41BE6400F57257 /* CommonUtil.swift */; };
		BF76DBA32A41C27200F57257 /* GenderPicker.swift in Sources */ = {isa = PBXBuildFile; fileRef = BF76DBA22A41C27200F57257 /* GenderPicker.swift */; };
		BF76DBA52A4298D700F57257 /* MySettingProfileModelProtocol.swift in Sources */ = {isa = PBXBuildFile; fileRef = BF76DBA42A4298D700F57257 /* MySettingProfileModelProtocol.swift */; };
		BF76DBA72A4299D600F57257 /* MySettingProfileTypes.swift in Sources */ = {isa = PBXBuildFile; fileRef = BF76DBA62A4299D600F57257 /* MySettingProfileTypes.swift */; };
		BF76DBAA2A429A9D00F57257 /* MySettingProfileModel.swift in Sources */ = {isa = PBXBuildFile; fileRef = BF76DBA92A429A9D00F57257 /* MySettingProfileModel.swift */; };
		BF76DBAE2A42A7ED00F57257 /* MySettingProfileIntentProtocol.swift in Sources */ = {isa = PBXBuildFile; fileRef = BF76DBAD2A42A7ED00F57257 /* MySettingProfileIntentProtocol.swift */; };
		BF76DBB12A42B0BB00F57257 /* MySettingProfileRouter.swift in Sources */ = {isa = PBXBuildFile; fileRef = BF76DBB02A42B0BB00F57257 /* MySettingProfileRouter.swift */; };
		BF76DBB42A42B18000F57257 /* RouterProtocol.swift in Sources */ = {isa = PBXBuildFile; fileRef = BF76DBB32A42B18000F57257 /* RouterProtocol.swift */; };
		BF76DBB62A42B4FC00F57257 /* MySettingProfileView+Build.swift in Sources */ = {isa = PBXBuildFile; fileRef = BF76DBB52A42B4FC00F57257 /* MySettingProfileView+Build.swift */; };
		BF76DBB82A42B6B100F57257 /* MySettingProfileIntent.swift in Sources */ = {isa = PBXBuildFile; fileRef = BF76DBB72A42B6B100F57257 /* MySettingProfileIntent.swift */; };
		BF76DBBA2A42B94800F57257 /* MviContainer.swift in Sources */ = {isa = PBXBuildFile; fileRef = BF76DBB92A42B94800F57257 /* MviContainer.swift */; };
		BF76DBBC2A42B9BE00F57257 /* MviModelRouterProtocol.swift in Sources */ = {isa = PBXBuildFile; fileRef = BF76DBBB2A42B9BE00F57257 /* MviModelRouterProtocol.swift */; };
		BF76DBC02A42C35A00F57257 /* MyModelProtocol.swift in Sources */ = {isa = PBXBuildFile; fileRef = BF76DBBF2A42C35A00F57257 /* MyModelProtocol.swift */; };
		BF76DBC22A42C3EC00F57257 /* MyTypes.swift in Sources */ = {isa = PBXBuildFile; fileRef = BF76DBC12A42C3EC00F57257 /* MyTypes.swift */; };
		BF76DBC42A42C4C200F57257 /* MyModel.swift in Sources */ = {isa = PBXBuildFile; fileRef = BF76DBC32A42C4C200F57257 /* MyModel.swift */; };
		BF76DBC62A42C74F00F57257 /* MyView+Build.swift in Sources */ = {isa = PBXBuildFile; fileRef = BF76DBC52A42C74F00F57257 /* MyView+Build.swift */; };
		BF76DBC92A42C81500F57257 /* MyIntent.swift in Sources */ = {isa = PBXBuildFile; fileRef = BF76DBC82A42C81500F57257 /* MyIntent.swift */; };
		BF76DBCB2A42C96D00F57257 /* MyIntentProtocol.swift in Sources */ = {isa = PBXBuildFile; fileRef = BF76DBCA2A42C96D00F57257 /* MyIntentProtocol.swift */; };
		BF8915D02A3A242F00679579 /* IovApp.swift in Sources */ = {isa = PBXBuildFile; fileRef = BF8915CF2A3A242F00679579 /* IovApp.swift */; };
		BF8915D22A3A242F00679579 /* ContentView.swift in Sources */ = {isa = PBXBuildFile; fileRef = BF8915D12A3A242F00679579 /* ContentView.swift */; };
		BF8915D42A3A243000679579 /* Assets.xcassets in Resources */ = {isa = PBXBuildFile; fileRef = BF8915D32A3A243000679579 /* Assets.xcassets */; };
		BF8915D72A3A243000679579 /* Preview Assets.xcassets in Resources */ = {isa = PBXBuildFile; fileRef = BF8915D62A3A243000679579 /* Preview Assets.xcassets */; };
		BF8915DE2A3A261A00679579 /* AppGlobalState.swift in Sources */ = {isa = PBXBuildFile; fileRef = BF8915DD2A3A261900679579 /* AppGlobalState.swift */; };
		BF8915E52A3A262700679579 /* BaseViewModel.swift in Sources */ = {isa = PBXBuildFile; fileRef = BF8915E02A3A262700679579 /* BaseViewModel.swift */; };
		BF8915E62A3A262700679579 /* MviModelStateProtocol.swift in Sources */ = {isa = PBXBuildFile; fileRef = BF8915E12A3A262700679579 /* MviModelStateProtocol.swift */; };
		BF8915E72A3A262700679579 /* MviActionProcessor.swift in Sources */ = {isa = PBXBuildFile; fileRef = BF8915E22A3A262700679579 /* MviActionProcessor.swift */; };
		BF8915E82A3A262700679579 /* MviIntentProtocol.swift in Sources */ = {isa = PBXBuildFile; fileRef = BF8915E32A3A262700679579 /* MviIntentProtocol.swift */; };
		BF8915E92A3A262700679579 /* MviModelActionProtocol.swift in Sources */ = {isa = PBXBuildFile; fileRef = BF8915E42A3A262700679579 /* MviModelActionProtocol.swift */; };
		BF8915F12A3A263000679579 /* HttpBean.swift in Sources */ = {isa = PBXBuildFile; fileRef = BF8915EC2A3A263000679579 /* HttpBean.swift */; };
		BF8915F22A3A263000679579 /* BaseAPI.swift in Sources */ = {isa = PBXBuildFile; fileRef = BF8915EE2A3A263000679579 /* BaseAPI.swift */; };
		BF8915F32A3A263000679579 /* TspNetworkManager.swift in Sources */ = {isa = PBXBuildFile; fileRef = BF8915EF2A3A263000679579 /* TspNetworkManager.swift */; };
		BF8915F42A3A263000679579 /* ServerResponse.swift in Sources */ = {isa = PBXBuildFile; fileRef = BF8915F02A3A263000679579 /* ServerResponse.swift */; };
		BF8916062A3A263A00679579 /* HomeEntry.swift in Sources */ = {isa = PBXBuildFile; fileRef = BF8915F92A3A263A00679579 /* HomeEntry.swift */; };
		BF8916072A3A263A00679579 /* MyView.swift in Sources */ = {isa = PBXBuildFile; fileRef = BF8915FB2A3A263A00679579 /* MyView.swift */; };
		BF8916082A3A263A00679579 /* LoginView.swift in Sources */ = {isa = PBXBuildFile; fileRef = BF8915FD2A3A263A00679579 /* LoginView.swift */; };
		BF89160D2A3A263A00679579 /* TopBackTitleBar.swift in Sources */ = {isa = PBXBuildFile; fileRef = BF8916042A3A263A00679579 /* TopBackTitleBar.swift */; };
		BF8916112A3A263F00679579 /* CodableDefault.swift in Sources */ = {isa = PBXBuildFile; fileRef = BF89160F2A3A263E00679579 /* CodableDefault.swift */; };
		BF8916122A3A263F00679579 /* AppUserUtil.swift in Sources */ = {isa = PBXBuildFile; fileRef = BF8916102A3A263E00679579 /* AppUserUtil.swift */; };
		BFA7096D2B58B8530069DAB8 /* MobileTextField.swift in Sources */ = {isa = PBXBuildFile; fileRef = BFA7096C2B58B8530069DAB8 /* MobileTextField.swift */; };
		BFB39F992B67911A00DC6E28 /* MySettingTypes.swift in Sources */ = {isa = PBXBuildFile; fileRef = BFB39F982B67911A00DC6E28 /* MySettingTypes.swift */; };
		BFB39F9C2B67918600DC6E28 /* MySettingView.swift in Sources */ = {isa = PBXBuildFile; fileRef = BFB39F9B2B67918600DC6E28 /* MySettingView.swift */; };
		BFB39F9F2B67921000DC6E28 /* MySettingModelProtocol.swift in Sources */ = {isa = PBXBuildFile; fileRef = BFB39F9E2B67921000DC6E28 /* MySettingModelProtocol.swift */; };
		BFB39FA12B67929300DC6E28 /* MySettingModel.swift in Sources */ = {isa = PBXBuildFile; fileRef = BFB39FA02B67929300DC6E28 /* MySettingModel.swift */; };
		BFB39FA42B67931700DC6E28 /* MySettingRouter.swift in Sources */ = {isa = PBXBuildFile; fileRef = BFB39FA32B67931700DC6E28 /* MySettingRouter.swift */; };
		BFB39FA72B679E8600DC6E28 /* MySettingIntentProtocol.swift in Sources */ = {isa = PBXBuildFile; fileRef = BFB39FA62B679E8600DC6E28 /* MySettingIntentProtocol.swift */; };
		BFB39FA92B679F5600DC6E28 /* MySettingView+Build.swift in Sources */ = {isa = PBXBuildFile; fileRef = BFB39FA82B679F5600DC6E28 /* MySettingView+Build.swift */; };
		BFB39FAB2B67A06200DC6E28 /* MySettingIntent.swift in Sources */ = {isa = PBXBuildFile; fileRef = BFB39FAA2B67A06200DC6E28 /* MySettingIntent.swift */; };
		BFB39FAD2B67B88000DC6E28 /* MySettingView_Login.swift in Sources */ = {isa = PBXBuildFile; fileRef = BFB39FAC2B67B88000DC6E28 /* MySettingView_Login.swift */; };
		BFB39FAF2B67B8BE00DC6E28 /* MySettingView_NotLogin.swift in Sources */ = {isa = PBXBuildFile; fileRef = BFB39FAE2B67B8BE00DC6E28 /* MySettingView_NotLogin.swift */; };
		BFB39FB22B68D21D00DC6E28 /* MySettingProfileNicknameTypes.swift in Sources */ = {isa = PBXBuildFile; fileRef = BFB39FB12B68D21D00DC6E28 /* MySettingProfileNicknameTypes.swift */; };
		BFB39FB82B68D28200DC6E28 /* MySettingProfileNicknameView.swift in Sources */ = {isa = PBXBuildFile; fileRef = BFB39FB72B68D28200DC6E28 /* MySettingProfileNicknameView.swift */; };
		BFB39FBA2B68D2D900DC6E28 /* MySettingProfileNicknameView+Build.swift in Sources */ = {isa = PBXBuildFile; fileRef = BFB39FB92B68D2D900DC6E28 /* MySettingProfileNicknameView+Build.swift */; };
		BFB39FBC2B68D31300DC6E28 /* MySettingProfileNicknameModel.swift in Sources */ = {isa = PBXBuildFile; fileRef = BFB39FBB2B68D31300DC6E28 /* MySettingProfileNicknameModel.swift */; };
		BFB39FBE2B68D37600DC6E28 /* MySettingProfileNicknameModelProtocol.swift in Sources */ = {isa = PBXBuildFile; fileRef = BFB39FBD2B68D37600DC6E28 /* MySettingProfileNicknameModelProtocol.swift */; };
		BFB39FC02B68D3AE00DC6E28 /* MySettingProfileNicknameIntent.swift in Sources */ = {isa = PBXBuildFile; fileRef = BFB39FBF2B68D3AE00DC6E28 /* MySettingProfileNicknameIntent.swift */; };
		BFB39FC22B68D40400DC6E28 /* MySettingProfileNicknameIntentProtocol.swift in Sources */ = {isa = PBXBuildFile; fileRef = BFB39FC12B68D40400DC6E28 /* MySettingProfileNicknameIntentProtocol.swift */; };
		BFB39FC42B68D42E00DC6E28 /* MySettingProfileNicknameRouter.swift in Sources */ = {isa = PBXBuildFile; fileRef = BFB39FC32B68D42E00DC6E28 /* MySettingProfileNicknameRouter.swift */; };
		BFB39FC62B6A167700DC6E28 /* Errors.swift in Sources */ = {isa = PBXBuildFile; fileRef = BFB39FC52B6A167700DC6E28 /* Errors.swift */; };
		BFB39FC92B6A1FAD00DC6E28 /* MySettingProfileGenderTypes.swift in Sources */ = {isa = PBXBuildFile; fileRef = BFB39FC82B6A1FAD00DC6E28 /* MySettingProfileGenderTypes.swift */; };
		BFB39FCC2B6A202A00DC6E28 /* MySettingProfileGenderModel.swift in Sources */ = {isa = PBXBuildFile; fileRef = BFB39FCB2B6A202A00DC6E28 /* MySettingProfileGenderModel.swift */; };
		BFB39FCE2B6A203E00DC6E28 /* MySettingProfileGenderModelProtocol.swift in Sources */ = {isa = PBXBuildFile; fileRef = BFB39FCD2B6A203E00DC6E28 /* MySettingProfileGenderModelProtocol.swift */; };
		BFB39FD12B6A214100DC6E28 /* MySettingProfileGenderView.swift in Sources */ = {isa = PBXBuildFile; fileRef = BFB39FD02B6A214100DC6E28 /* MySettingProfileGenderView.swift */; };
		BFB39FD32B6A215600DC6E28 /* MySettingProfileGenderView+Build.swift in Sources */ = {isa = PBXBuildFile; fileRef = BFB39FD22B6A215600DC6E28 /* MySettingProfileGenderView+Build.swift */; };
		BFB39FD62B6A221B00DC6E28 /* MySettingProfileGenderIntent.swift in Sources */ = {isa = PBXBuildFile; fileRef = BFB39FD52B6A221B00DC6E28 /* MySettingProfileGenderIntent.swift */; };
		BFB39FD82B6A223100DC6E28 /* MySettingProfileGenderIntentProtocol.swift in Sources */ = {isa = PBXBuildFile; fileRef = BFB39FD72B6A223100DC6E28 /* MySettingProfileGenderIntentProtocol.swift */; };
		BFB39FDB2B6A246200DC6E28 /* MySettingProfileGenderRouter.swift in Sources */ = {isa = PBXBuildFile; fileRef = BFB39FDA2B6A246200DC6E28 /* MySettingProfileGenderRouter.swift */; };
		BFB39FDD2B6A39DF00DC6E28 /* LoadingTip.swift in Sources */ = {isa = PBXBuildFile; fileRef = BFB39FDC2B6A39DF00DC6E28 /* LoadingTip.swift */; };
		BFC11C0D2A5ABF8100416BF4 /* TspApi.swift in Sources */ = {isa = PBXBuildFile; fileRef = BFC11C0C2A5ABF8100416BF4 /* TspApi.swift */; };
		BFDCBA812A442541008207F2 /* MyRouter.swift in Sources */ = {isa = PBXBuildFile; fileRef = BFDCBA802A442541008207F2 /* MyRouter.swift */; };
		BFDCBA842A443B65008207F2 /* ErrorTip.swift in Sources */ = {isa = PBXBuildFile; fileRef = BFDCBA832A443B65008207F2 /* ErrorTip.swift */; };
		BFDCBA872A4698EF008207F2 /* ImagePicker.swift in Sources */ = {isa = PBXBuildFile; fileRef = BFDCBA862A4698EF008207F2 /* ImagePicker.swift */; };
		BFDCBA892A4715C3008207F2 /* NetworkManager.swift in Sources */ = {isa = PBXBuildFile; fileRef = BFDCBA882A4715C3008207F2 /* NetworkManager.swift */; };
		BFDE658B2A42D94E00D45349 /* LoginView+Build.swift in Sources */ = {isa = PBXBuildFile; fileRef = BFDE658A2A42D94E00D45349 /* LoginView+Build.swift */; };
		BFDE658E2A42D99600D45349 /* LoginModel.swift in Sources */ = {isa = PBXBuildFile; fileRef = BFDE658D2A42D99600D45349 /* LoginModel.swift */; };
		BFDE65902A42D9BF00D45349 /* LoginModelProtocol.swift in Sources */ = {isa = PBXBuildFile; fileRef = BFDE658F2A42D9BF00D45349 /* LoginModelProtocol.swift */; };
		BFDE65932A42DA2D00D45349 /* LoginIntent.swift in Sources */ = {isa = PBXBuildFile; fileRef = BFDE65922A42DA2D00D45349 /* LoginIntent.swift */; };
		BFDE65952A42DB8A00D45349 /* LoginIntentProtocol.swift in Sources */ = {isa = PBXBuildFile; fileRef = BFDE65942A42DB8A00D45349 /* LoginIntentProtocol.swift */; };
		BFDE65972A42DCDA00D45349 /* LoginTypes.swift in Sources */ = {isa = PBXBuildFile; fileRef = BFDE65962A42DCDA00D45349 /* LoginTypes.swift */; };
		BFDE659A2A42EC3C00D45349 /* LoginRouter.swift in Sources */ = {isa = PBXBuildFile; fileRef = BFDE65992A42EC3C00D45349 /* LoginRouter.swift */; };
		BFDE659C2A42EDA900D45349 /* RouterScreenProtocol.swift in Sources */ = {isa = PBXBuildFile; fileRef = BFDE659B2A42EDA900D45349 /* RouterScreenProtocol.swift */; };
		BFDE659F2A42EDEA00D45349 /* RouterNavigationViewModifier.swift in Sources */ = {isa = PBXBuildFile; fileRef = BFDE659E2A42EDEA00D45349 /* RouterNavigationViewModifier.swift */; };
		BFDE65A12A42EE1300D45349 /* RouterNavigationStackModifier.swift in Sources */ = {isa = PBXBuildFile; fileRef = BFDE65A02A42EE1300D45349 /* RouterNavigationStackModifier.swift */; };
		BFDE65A32A42EE5300D45349 /* RouterSheetModifier.swift in Sources */ = {isa = PBXBuildFile; fileRef = BFDE65A22A42EE5300D45349 /* RouterSheetModifier.swift */; };
		BFDE65A52A42EEB200D45349 /* RouterAlertModifier.swift in Sources */ = {isa = PBXBuildFile; fileRef = BFDE65A42A42EEB200D45349 /* RouterAlertModifier.swift */; };
		BFDE65A72A42EF0E00D45349 /* RouterCloseModifier.swift in Sources */ = {isa = PBXBuildFile; fileRef = BFDE65A62A42EF0E00D45349 /* RouterCloseModifier.swift */; };
/* End PBXBuildFile section */

/* Begin PBXFileReference section */
		304BCF13A894CA0FACFB42B0 /* Pods-iov-ios-app.release.xcconfig */ = {isa = PBXFileReference; includeInIndex = 1; lastKnownFileType = text.xcconfig; name = "Pods-iov-ios-app.release.xcconfig"; path = "Target Support Files/Pods-iov-ios-app/Pods-iov-ios-app.release.xcconfig"; sourceTree = "<group>"; };
		747A1296B00F20D7AE87A179 /* Pods_iov_ios_app.framework */ = {isa = PBXFileReference; explicitFileType = wrapper.framework; includeInIndex = 0; path = Pods_iov_ios_app.framework; sourceTree = BUILT_PRODUCTS_DIR; };
		BF400E9B2B2996FF006931B5 /* UserManager.swift */ = {isa = PBXFileReference; lastKnownFileType = sourcecode.swift; path = UserManager.swift; sourceTree = "<group>"; };
		BF400E9D2B2998FF006931B5 /* RealmManager.swift */ = {isa = PBXFileReference; lastKnownFileType = sourcecode.swift; path = RealmManager.swift; sourceTree = "<group>"; };
		BF400E9F2B29A58A006931B5 /* MyView_Login.swift */ = {isa = PBXFileReference; lastKnownFileType = sourcecode.swift; path = MyView_Login.swift; sourceTree = "<group>"; };
		BF400EA12B29A76F006931B5 /* MyView_NotLogin.swift */ = {isa = PBXFileReference; lastKnownFileType = sourcecode.swift; path = MyView_NotLogin.swift; sourceTree = "<group>"; };
		BF400EA62B2ADCC9006931B5 /* ColorExtension.swift */ = {isa = PBXFileReference; lastKnownFileType = sourcecode.swift; path = ColorExtension.swift; sourceTree = "<group>"; };
		BF400EA92B2AE0D4006931B5 /* Theme.swift */ = {isa = PBXFileReference; lastKnownFileType = sourcecode.swift; path = Theme.swift; sourceTree = "<group>"; };
		BF400EAC2B2B3D1E006931B5 /* ClearButton.swift */ = {isa = PBXFileReference; lastKnownFileType = sourcecode.swift; path = ClearButton.swift; sourceTree = "<group>"; };
		BF400EB32B2EE599006931B5 /* Constants.swift */ = {isa = PBXFileReference; lastKnownFileType = sourcecode.swift; path = Constants.swift; sourceTree = "<group>"; };
		BF4E9EF72B58C12F00D62888 /* Info.plist */ = {isa = PBXFileReference; lastKnownFileType = text.plist.xml; path = Info.plist; sourceTree = "<group>"; };
		BF4E9EF82B5A256300D62888 /* CaptchaTextField.swift */ = {isa = PBXFileReference; lastKnownFileType = sourcecode.swift; path = CaptchaTextField.swift; sourceTree = "<group>"; };
		BF4E9EFA2B5A45E500D62888 /* LoginView_MobileLogin.swift */ = {isa = PBXFileReference; lastKnownFileType = sourcecode.swift; path = LoginView_MobileLogin.swift; sourceTree = "<group>"; };
		BF4E9EFC2B5A48BE00D62888 /* LoginView_MobileVerifyCode.swift */ = {isa = PBXFileReference; lastKnownFileType = sourcecode.swift; path = LoginView_MobileVerifyCode.swift; sourceTree = "<group>"; };
		BF76DB8A2A3DCDCC00F57257 /* TitleList.swift */ = {isa = PBXFileReference; lastKnownFileType = sourcecode.swift; path = TitleList.swift; sourceTree = "<group>"; };
		BF76DB8D2A4147B200F57257 /* MySettingProfileView.swift */ = {isa = PBXFileReference; lastKnownFileType = sourcecode.swift; path = MySettingProfileView.swift; sourceTree = "<group>"; };
		BF76DB902A414F1700F57257 /* ContentList.swift */ = {isa = PBXFileReference; lastKnownFileType = sourcecode.swift; path = ContentList.swift; sourceTree = "<group>"; };
		BF76DB932A41523100F57257 /* BottomLineModifier.swift */ = {isa = PBXFileReference; lastKnownFileType = sourcecode.swift; path = BottomLineModifier.swift; sourceTree = "<group>"; };
		BF76DB9E2A417FE800F57257 /* TextIFieldtem.swift */ = {isa = PBXFileReference; lastKnownFileType = sourcecode.swift; path = TextIFieldtem.swift; sourceTree = "<group>"; };
		BF76DBA02A41BE6400F57257 /* CommonUtil.swift */ = {isa = PBXFileReference; lastKnownFileType = sourcecode.swift; path = CommonUtil.swift; sourceTree = "<group>"; };
		BF76DBA22A41C27200F57257 /* GenderPicker.swift */ = {isa = PBXFileReference; lastKnownFileType = sourcecode.swift; path = GenderPicker.swift; sourceTree = "<group>"; };
		BF76DBA42A4298D700F57257 /* MySettingProfileModelProtocol.swift */ = {isa = PBXFileReference; lastKnownFileType = sourcecode.swift; path = MySettingProfileModelProtocol.swift; sourceTree = "<group>"; };
		BF76DBA62A4299D600F57257 /* MySettingProfileTypes.swift */ = {isa = PBXFileReference; lastKnownFileType = sourcecode.swift; path = MySettingProfileTypes.swift; sourceTree = "<group>"; };
		BF76DBA92A429A9D00F57257 /* MySettingProfileModel.swift */ = {isa = PBXFileReference; lastKnownFileType = sourcecode.swift; path = MySettingProfileModel.swift; sourceTree = "<group>"; };
		BF76DBAD2A42A7ED00F57257 /* MySettingProfileIntentProtocol.swift */ = {isa = PBXFileReference; lastKnownFileType = sourcecode.swift; path = MySettingProfileIntentProtocol.swift; sourceTree = "<group>"; };
		BF76DBB02A42B0BB00F57257 /* MySettingProfileRouter.swift */ = {isa = PBXFileReference; lastKnownFileType = sourcecode.swift; path = MySettingProfileRouter.swift; sourceTree = "<group>"; };
		BF76DBB32A42B18000F57257 /* RouterProtocol.swift */ = {isa = PBXFileReference; lastKnownFileType = sourcecode.swift; path = RouterProtocol.swift; sourceTree = "<group>"; };
		BF76DBB52A42B4FC00F57257 /* MySettingProfileView+Build.swift */ = {isa = PBXFileReference; lastKnownFileType = sourcecode.swift; path = "MySettingProfileView+Build.swift"; sourceTree = "<group>"; };
		BF76DBB72A42B6B100F57257 /* MySettingProfileIntent.swift */ = {isa = PBXFileReference; lastKnownFileType = sourcecode.swift; path = MySettingProfileIntent.swift; sourceTree = "<group>"; };
		BF76DBB92A42B94800F57257 /* MviContainer.swift */ = {isa = PBXFileReference; lastKnownFileType = sourcecode.swift; path = MviContainer.swift; sourceTree = "<group>"; };
		BF76DBBB2A42B9BE00F57257 /* MviModelRouterProtocol.swift */ = {isa = PBXFileReference; lastKnownFileType = sourcecode.swift; path = MviModelRouterProtocol.swift; sourceTree = "<group>"; };
		BF76DBBF2A42C35A00F57257 /* MyModelProtocol.swift */ = {isa = PBXFileReference; lastKnownFileType = sourcecode.swift; path = MyModelProtocol.swift; sourceTree = "<group>"; };
		BF76DBC12A42C3EC00F57257 /* MyTypes.swift */ = {isa = PBXFileReference; lastKnownFileType = sourcecode.swift; path = MyTypes.swift; sourceTree = "<group>"; };
		BF76DBC32A42C4C200F57257 /* MyModel.swift */ = {isa = PBXFileReference; lastKnownFileType = sourcecode.swift; path = MyModel.swift; sourceTree = "<group>"; };
		BF76DBC52A42C74F00F57257 /* MyView+Build.swift */ = {isa = PBXFileReference; lastKnownFileType = sourcecode.swift; path = "MyView+Build.swift"; sourceTree = "<group>"; };
		BF76DBC82A42C81500F57257 /* MyIntent.swift */ = {isa = PBXFileReference; lastKnownFileType = sourcecode.swift; path = MyIntent.swift; sourceTree = "<group>"; };
		BF76DBCA2A42C96D00F57257 /* MyIntentProtocol.swift */ = {isa = PBXFileReference; lastKnownFileType = sourcecode.swift; path = MyIntentProtocol.swift; sourceTree = "<group>"; };
		BF8915CC2A3A242F00679579 /* iov-ios-app.app */ = {isa = PBXFileReference; explicitFileType = wrapper.application; includeInIndex = 0; path = "iov-ios-app.app"; sourceTree = BUILT_PRODUCTS_DIR; };
		BF8915CF2A3A242F00679579 /* IovApp.swift */ = {isa = PBXFileReference; lastKnownFileType = sourcecode.swift; path = IovApp.swift; sourceTree = "<group>"; };
		BF8915D12A3A242F00679579 /* ContentView.swift */ = {isa = PBXFileReference; lastKnownFileType = sourcecode.swift; path = ContentView.swift; sourceTree = "<group>"; };
		BF8915D32A3A243000679579 /* Assets.xcassets */ = {isa = PBXFileReference; lastKnownFileType = folder.assetcatalog; path = Assets.xcassets; sourceTree = "<group>"; };
		BF8915D62A3A243000679579 /* Preview Assets.xcassets */ = {isa = PBXFileReference; lastKnownFileType = folder.assetcatalog; path = "Preview Assets.xcassets"; sourceTree = "<group>"; };
		BF8915DD2A3A261900679579 /* AppGlobalState.swift */ = {isa = PBXFileReference; fileEncoding = 4; lastKnownFileType = sourcecode.swift; path = AppGlobalState.swift; sourceTree = "<group>"; };
		BF8915E02A3A262700679579 /* BaseViewModel.swift */ = {isa = PBXFileReference; fileEncoding = 4; lastKnownFileType = sourcecode.swift; path = BaseViewModel.swift; sourceTree = "<group>"; };
		BF8915E12A3A262700679579 /* MviModelStateProtocol.swift */ = {isa = PBXFileReference; fileEncoding = 4; lastKnownFileType = sourcecode.swift; path = MviModelStateProtocol.swift; sourceTree = "<group>"; };
		BF8915E22A3A262700679579 /* MviActionProcessor.swift */ = {isa = PBXFileReference; fileEncoding = 4; lastKnownFileType = sourcecode.swift; path = MviActionProcessor.swift; sourceTree = "<group>"; };
		BF8915E32A3A262700679579 /* MviIntentProtocol.swift */ = {isa = PBXFileReference; fileEncoding = 4; lastKnownFileType = sourcecode.swift; path = MviIntentProtocol.swift; sourceTree = "<group>"; };
		BF8915E42A3A262700679579 /* MviModelActionProtocol.swift */ = {isa = PBXFileReference; fileEncoding = 4; lastKnownFileType = sourcecode.swift; path = MviModelActionProtocol.swift; sourceTree = "<group>"; };
		BF8915EC2A3A263000679579 /* HttpBean.swift */ = {isa = PBXFileReference; fileEncoding = 4; lastKnownFileType = sourcecode.swift; path = HttpBean.swift; sourceTree = "<group>"; };
		BF8915EE2A3A263000679579 /* BaseAPI.swift */ = {isa = PBXFileReference; fileEncoding = 4; lastKnownFileType = sourcecode.swift; path = BaseAPI.swift; sourceTree = "<group>"; };
		BF8915EF2A3A263000679579 /* TspNetworkManager.swift */ = {isa = PBXFileReference; fileEncoding = 4; lastKnownFileType = sourcecode.swift; path = TspNetworkManager.swift; sourceTree = "<group>"; };
		BF8915F02A3A263000679579 /* ServerResponse.swift */ = {isa = PBXFileReference; fileEncoding = 4; lastKnownFileType = sourcecode.swift; path = ServerResponse.swift; sourceTree = "<group>"; };
		BF8915F92A3A263A00679579 /* HomeEntry.swift */ = {isa = PBXFileReference; fileEncoding = 4; lastKnownFileType = sourcecode.swift; path = HomeEntry.swift; sourceTree = "<group>"; };
		BF8915FB2A3A263A00679579 /* MyView.swift */ = {isa = PBXFileReference; fileEncoding = 4; lastKnownFileType = sourcecode.swift; path = MyView.swift; sourceTree = "<group>"; };
		BF8915FD2A3A263A00679579 /* LoginView.swift */ = {isa = PBXFileReference; fileEncoding = 4; lastKnownFileType = sourcecode.swift; path = LoginView.swift; sourceTree = "<group>"; };
		BF8916042A3A263A00679579 /* TopBackTitleBar.swift */ = {isa = PBXFileReference; fileEncoding = 4; lastKnownFileType = sourcecode.swift; path = TopBackTitleBar.swift; sourceTree = "<group>"; };
		BF89160F2A3A263E00679579 /* CodableDefault.swift */ = {isa = PBXFileReference; fileEncoding = 4; lastKnownFileType = sourcecode.swift; path = CodableDefault.swift; sourceTree = "<group>"; };
		BF8916102A3A263E00679579 /* AppUserUtil.swift */ = {isa = PBXFileReference; fileEncoding = 4; lastKnownFileType = sourcecode.swift; path = AppUserUtil.swift; sourceTree = "<group>"; };
		BFA7096C2B58B8530069DAB8 /* MobileTextField.swift */ = {isa = PBXFileReference; lastKnownFileType = sourcecode.swift; path = MobileTextField.swift; sourceTree = "<group>"; };
		BFB39F982B67911A00DC6E28 /* MySettingTypes.swift */ = {isa = PBXFileReference; lastKnownFileType = sourcecode.swift; path = MySettingTypes.swift; sourceTree = "<group>"; };
		BFB39F9B2B67918600DC6E28 /* MySettingView.swift */ = {isa = PBXFileReference; lastKnownFileType = sourcecode.swift; path = MySettingView.swift; sourceTree = "<group>"; };
		BFB39F9E2B67921000DC6E28 /* MySettingModelProtocol.swift */ = {isa = PBXFileReference; lastKnownFileType = sourcecode.swift; path = MySettingModelProtocol.swift; sourceTree = "<group>"; };
		BFB39FA02B67929300DC6E28 /* MySettingModel.swift */ = {isa = PBXFileReference; lastKnownFileType = sourcecode.swift; path = MySettingModel.swift; sourceTree = "<group>"; };
		BFB39FA32B67931700DC6E28 /* MySettingRouter.swift */ = {isa = PBXFileReference; lastKnownFileType = sourcecode.swift; path = MySettingRouter.swift; sourceTree = "<group>"; };
		BFB39FA62B679E8600DC6E28 /* MySettingIntentProtocol.swift */ = {isa = PBXFileReference; lastKnownFileType = sourcecode.swift; path = MySettingIntentProtocol.swift; sourceTree = "<group>"; };
		BFB39FA82B679F5600DC6E28 /* MySettingView+Build.swift */ = {isa = PBXFileReference; lastKnownFileType = sourcecode.swift; path = "MySettingView+Build.swift"; sourceTree = "<group>"; };
		BFB39FAA2B67A06200DC6E28 /* MySettingIntent.swift */ = {isa = PBXFileReference; lastKnownFileType = sourcecode.swift; path = MySettingIntent.swift; sourceTree = "<group>"; };
		BFB39FAC2B67B88000DC6E28 /* MySettingView_Login.swift */ = {isa = PBXFileReference; lastKnownFileType = sourcecode.swift; path = MySettingView_Login.swift; sourceTree = "<group>"; };
		BFB39FAE2B67B8BE00DC6E28 /* MySettingView_NotLogin.swift */ = {isa = PBXFileReference; lastKnownFileType = sourcecode.swift; path = MySettingView_NotLogin.swift; sourceTree = "<group>"; };
		BFB39FB12B68D21D00DC6E28 /* MySettingProfileNicknameTypes.swift */ = {isa = PBXFileReference; lastKnownFileType = sourcecode.swift; path = MySettingProfileNicknameTypes.swift; sourceTree = "<group>"; };
		BFB39FB72B68D28200DC6E28 /* MySettingProfileNicknameView.swift */ = {isa = PBXFileReference; lastKnownFileType = sourcecode.swift; path = MySettingProfileNicknameView.swift; sourceTree = "<group>"; };
		BFB39FB92B68D2D900DC6E28 /* MySettingProfileNicknameView+Build.swift */ = {isa = PBXFileReference; lastKnownFileType = sourcecode.swift; path = "MySettingProfileNicknameView+Build.swift"; sourceTree = "<group>"; };
		BFB39FBB2B68D31300DC6E28 /* MySettingProfileNicknameModel.swift */ = {isa = PBXFileReference; lastKnownFileType = sourcecode.swift; path = MySettingProfileNicknameModel.swift; sourceTree = "<group>"; };
		BFB39FBD2B68D37600DC6E28 /* MySettingProfileNicknameModelProtocol.swift */ = {isa = PBXFileReference; lastKnownFileType = sourcecode.swift; path = MySettingProfileNicknameModelProtocol.swift; sourceTree = "<group>"; };
		BFB39FBF2B68D3AE00DC6E28 /* MySettingProfileNicknameIntent.swift */ = {isa = PBXFileReference; lastKnownFileType = sourcecode.swift; path = MySettingProfileNicknameIntent.swift; sourceTree = "<group>"; };
		BFB39FC12B68D40400DC6E28 /* MySettingProfileNicknameIntentProtocol.swift */ = {isa = PBXFileReference; lastKnownFileType = sourcecode.swift; path = MySettingProfileNicknameIntentProtocol.swift; sourceTree = "<group>"; };
		BFB39FC32B68D42E00DC6E28 /* MySettingProfileNicknameRouter.swift */ = {isa = PBXFileReference; lastKnownFileType = sourcecode.swift; path = MySettingProfileNicknameRouter.swift; sourceTree = "<group>"; };
		BFB39FC52B6A167700DC6E28 /* Errors.swift */ = {isa = PBXFileReference; lastKnownFileType = sourcecode.swift; path = Errors.swift; sourceTree = "<group>"; };
		BFB39FC82B6A1FAD00DC6E28 /* MySettingProfileGenderTypes.swift */ = {isa = PBXFileReference; fileEncoding = 4; lastKnownFileType = sourcecode.swift; name = MySettingProfileGenderTypes.swift; path = "iov-ios-app/ui/page/my-setting-profile-gender/MySettingProfileGenderTypes.swift"; sourceTree = SOURCE_ROOT; };
		BFB39FCB2B6A202A00DC6E28 /* MySettingProfileGenderModel.swift */ = {isa = PBXFileReference; fileEncoding = 4; lastKnownFileType = sourcecode.swift; path = MySettingProfileGenderModel.swift; sourceTree = "<group>"; };
		BFB39FCD2B6A203E00DC6E28 /* MySettingProfileGenderModelProtocol.swift */ = {isa = PBXFileReference; fileEncoding = 4; lastKnownFileType = sourcecode.swift; path = MySettingProfileGenderModelProtocol.swift; sourceTree = "<group>"; };
		BFB39FD02B6A214100DC6E28 /* MySettingProfileGenderView.swift */ = {isa = PBXFileReference; fileEncoding = 4; lastKnownFileType = sourcecode.swift; path = MySettingProfileGenderView.swift; sourceTree = "<group>"; };
		BFB39FD22B6A215600DC6E28 /* MySettingProfileGenderView+Build.swift */ = {isa = PBXFileReference; fileEncoding = 4; lastKnownFileType = sourcecode.swift; path = "MySettingProfileGenderView+Build.swift"; sourceTree = "<group>"; };
		BFB39FD52B6A221B00DC6E28 /* MySettingProfileGenderIntent.swift */ = {isa = PBXFileReference; fileEncoding = 4; lastKnownFileType = sourcecode.swift; path = MySettingProfileGenderIntent.swift; sourceTree = "<group>"; };
		BFB39FD72B6A223100DC6E28 /* MySettingProfileGenderIntentProtocol.swift */ = {isa = PBXFileReference; fileEncoding = 4; lastKnownFileType = sourcecode.swift; path = MySettingProfileGenderIntentProtocol.swift; sourceTree = "<group>"; };
		BFB39FDA2B6A246200DC6E28 /* MySettingProfileGenderRouter.swift */ = {isa = PBXFileReference; fileEncoding = 4; lastKnownFileType = sourcecode.swift; path = MySettingProfileGenderRouter.swift; sourceTree = "<group>"; };
		BFB39FDC2B6A39DF00DC6E28 /* LoadingTip.swift */ = {isa = PBXFileReference; lastKnownFileType = sourcecode.swift; path = LoadingTip.swift; sourceTree = "<group>"; };
		BFC11C0C2A5ABF8100416BF4 /* TspApi.swift */ = {isa = PBXFileReference; lastKnownFileType = sourcecode.swift; path = TspApi.swift; sourceTree = "<group>"; };
		BFDCBA802A442541008207F2 /* MyRouter.swift */ = {isa = PBXFileReference; lastKnownFileType = sourcecode.swift; path = MyRouter.swift; sourceTree = "<group>"; };
		BFDCBA832A443B65008207F2 /* ErrorTip.swift */ = {isa = PBXFileReference; lastKnownFileType = sourcecode.swift; path = ErrorTip.swift; sourceTree = "<group>"; };
		BFDCBA862A4698EF008207F2 /* ImagePicker.swift */ = {isa = PBXFileReference; lastKnownFileType = sourcecode.swift; path = ImagePicker.swift; sourceTree = "<group>"; };
		BFDCBA882A4715C3008207F2 /* NetworkManager.swift */ = {isa = PBXFileReference; lastKnownFileType = sourcecode.swift; path = NetworkManager.swift; sourceTree = "<group>"; };
		BFDE658A2A42D94E00D45349 /* LoginView+Build.swift */ = {isa = PBXFileReference; lastKnownFileType = sourcecode.swift; path = "LoginView+Build.swift"; sourceTree = "<group>"; };
		BFDE658D2A42D99600D45349 /* LoginModel.swift */ = {isa = PBXFileReference; lastKnownFileType = sourcecode.swift; path = LoginModel.swift; sourceTree = "<group>"; };
		BFDE658F2A42D9BF00D45349 /* LoginModelProtocol.swift */ = {isa = PBXFileReference; lastKnownFileType = sourcecode.swift; path = LoginModelProtocol.swift; sourceTree = "<group>"; };
		BFDE65922A42DA2D00D45349 /* LoginIntent.swift */ = {isa = PBXFileReference; lastKnownFileType = sourcecode.swift; path = LoginIntent.swift; sourceTree = "<group>"; };
		BFDE65942A42DB8A00D45349 /* LoginIntentProtocol.swift */ = {isa = PBXFileReference; lastKnownFileType = sourcecode.swift; path = LoginIntentProtocol.swift; sourceTree = "<group>"; };
		BFDE65962A42DCDA00D45349 /* LoginTypes.swift */ = {isa = PBXFileReference; lastKnownFileType = sourcecode.swift; path = LoginTypes.swift; sourceTree = "<group>"; };
		BFDE65992A42EC3C00D45349 /* LoginRouter.swift */ = {isa = PBXFileReference; lastKnownFileType = sourcecode.swift; path = LoginRouter.swift; sourceTree = "<group>"; };
		BFDE659B2A42EDA900D45349 /* RouterScreenProtocol.swift */ = {isa = PBXFileReference; lastKnownFileType = sourcecode.swift; path = RouterScreenProtocol.swift; sourceTree = "<group>"; };
		BFDE659E2A42EDEA00D45349 /* RouterNavigationViewModifier.swift */ = {isa = PBXFileReference; lastKnownFileType = sourcecode.swift; path = RouterNavigationViewModifier.swift; sourceTree = "<group>"; };
		BFDE65A02A42EE1300D45349 /* RouterNavigationStackModifier.swift */ = {isa = PBXFileReference; lastKnownFileType = sourcecode.swift; path = RouterNavigationStackModifier.swift; sourceTree = "<group>"; };
		BFDE65A22A42EE5300D45349 /* RouterSheetModifier.swift */ = {isa = PBXFileReference; lastKnownFileType = sourcecode.swift; path = RouterSheetModifier.swift; sourceTree = "<group>"; };
		BFDE65A42A42EEB200D45349 /* RouterAlertModifier.swift */ = {isa = PBXFileReference; lastKnownFileType = sourcecode.swift; path = RouterAlertModifier.swift; sourceTree = "<group>"; };
		BFDE65A62A42EF0E00D45349 /* RouterCloseModifier.swift */ = {isa = PBXFileReference; lastKnownFileType = sourcecode.swift; path = RouterCloseModifier.swift; sourceTree = "<group>"; };
		DF1F9C24AC83563287304637 /* Pods-iov-ios-app.debug.xcconfig */ = {isa = PBXFileReference; includeInIndex = 1; lastKnownFileType = text.xcconfig; name = "Pods-iov-ios-app.debug.xcconfig"; path = "Target Support Files/Pods-iov-ios-app/Pods-iov-ios-app.debug.xcconfig"; sourceTree = "<group>"; };
/* End PBXFileReference section */

/* Begin PBXFrameworksBuildPhase section */
		BF8915C92A3A242F00679579 /* Frameworks */ = {
			isa = PBXFrameworksBuildPhase;
			buildActionMask = 2147483647;
			files = (
				9A56314DD1759F12616209AD /* Pods_iov_ios_app.framework in Frameworks */,
			);
			runOnlyForDeploymentPostprocessing = 0;
		};
/* End PBXFrameworksBuildPhase section */

/* Begin PBXGroup section */
		2B9ED6623CB1E26D9762B017 /* Pods */ = {
			isa = PBXGroup;
			children = (
				DF1F9C24AC83563287304637 /* Pods-iov-ios-app.debug.xcconfig */,
				304BCF13A894CA0FACFB42B0 /* Pods-iov-ios-app.release.xcconfig */,
			);
			path = Pods;
			sourceTree = "<group>";
		};
		A5645ECC39457853E94E0F49 /* Frameworks */ = {
			isa = PBXGroup;
			children = (
				747A1296B00F20D7AE87A179 /* Pods_iov_ios_app.framework */,
			);
			name = Frameworks;
			sourceTree = "<group>";
		};
		BF400E9A2B2996C5006931B5 /* user */ = {
			isa = PBXGroup;
			children = (
				BF400E9B2B2996FF006931B5 /* UserManager.swift */,
			);
			path = user;
			sourceTree = "<group>";
		};
		BF400EA52B2ACF3B006931B5 /* extensions */ = {
			isa = PBXGroup;
			children = (
				BF400EA62B2ADCC9006931B5 /* ColorExtension.swift */,
			);
			path = extensions;
			sourceTree = "<group>";
		};
		BF400EA82B2AE0BD006931B5 /* theme */ = {
			isa = PBXGroup;
			children = (
				BF400EA92B2AE0D4006931B5 /* Theme.swift */,
			);
			path = theme;
			sourceTree = "<group>";
		};
		BF400EAB2B2B3CF6006931B5 /* button */ = {
			isa = PBXGroup;
			children = (
				BF400EAC2B2B3D1E006931B5 /* ClearButton.swift */,
			);
			path = button;
			sourceTree = "<group>";
		};
		BF400EB22B2EE585006931B5 /* constants */ = {
			isa = PBXGroup;
			children = (
				BF400EB32B2EE599006931B5 /* Constants.swift */,
				BFB39FC52B6A167700DC6E28 /* Errors.swift */,
			);
			path = constants;
			sourceTree = "<group>";
		};
		BF76DB8C2A41479C00F57257 /* my-setting-profile */ = {
			isa = PBXGroup;
			children = (
				BF76DBA62A4299D600F57257 /* MySettingProfileTypes.swift */,
				BF76DBA82A429A3700F57257 /* model */,
				BF76DBAB2A429AEF00F57257 /* view */,
				BF76DBAC2A42A77900F57257 /* intent */,
				BF76DBAF2A42B09400F57257 /* router */,
			);
			path = "my-setting-profile";
			sourceTree = "<group>";
		};
		BF76DB8F2A41499300F57257 /* list */ = {
			isa = PBXGroup;
			children = (
				BF76DB8A2A3DCDCC00F57257 /* TitleList.swift */,
				BF76DB902A414F1700F57257 /* ContentList.swift */,
			);
			path = list;
			sourceTree = "<group>";
		};
		BF76DB922A41521D00F57257 /* modifier */ = {
			isa = PBXGroup;
			children = (
				BF76DB932A41523100F57257 /* BottomLineModifier.swift */,
			);
			path = modifier;
			sourceTree = "<group>";
		};
		BF76DB9D2A417D9400F57257 /* item */ = {
			isa = PBXGroup;
			children = (
				BF76DB9E2A417FE800F57257 /* TextIFieldtem.swift */,
			);
			path = item;
			sourceTree = "<group>";
		};
		BF76DBA82A429A3700F57257 /* model */ = {
			isa = PBXGroup;
			children = (
				BF76DBA92A429A9D00F57257 /* MySettingProfileModel.swift */,
				BF76DBA42A4298D700F57257 /* MySettingProfileModelProtocol.swift */,
			);
			path = model;
			sourceTree = "<group>";
		};
		BF76DBAB2A429AEF00F57257 /* view */ = {
			isa = PBXGroup;
			children = (
				BF76DB8D2A4147B200F57257 /* MySettingProfileView.swift */,
				BF76DBB52A42B4FC00F57257 /* MySettingProfileView+Build.swift */,
			);
			path = view;
			sourceTree = "<group>";
		};
		BF76DBAC2A42A77900F57257 /* intent */ = {
			isa = PBXGroup;
			children = (
				BF76DBB72A42B6B100F57257 /* MySettingProfileIntent.swift */,
				BF76DBAD2A42A7ED00F57257 /* MySettingProfileIntentProtocol.swift */,
			);
			path = intent;
			sourceTree = "<group>";
		};
		BF76DBAF2A42B09400F57257 /* router */ = {
			isa = PBXGroup;
			children = (
				BF76DBB02A42B0BB00F57257 /* MySettingProfileRouter.swift */,
			);
			path = router;
			sourceTree = "<group>";
		};
		BF76DBB22A42B16A00F57257 /* router */ = {
			isa = PBXGroup;
			children = (
				BFDE659D2A42EDD200D45349 /* modifier */,
				BF76DBB32A42B18000F57257 /* RouterProtocol.swift */,
				BFDE659B2A42EDA900D45349 /* RouterScreenProtocol.swift */,
			);
			path = router;
			sourceTree = "<group>";
		};
		BF76DBBD2A42C2EB00F57257 /* view */ = {
			isa = PBXGroup;
			children = (
				BF8915FB2A3A263A00679579 /* MyView.swift */,
				BF76DBC52A42C74F00F57257 /* MyView+Build.swift */,
				BF400E9F2B29A58A006931B5 /* MyView_Login.swift */,
				BF400EA12B29A76F006931B5 /* MyView_NotLogin.swift */,
			);
			path = view;
			sourceTree = "<group>";
		};
		BF76DBBE2A42C34200F57257 /* model */ = {
			isa = PBXGroup;
			children = (
				BF76DBC32A42C4C200F57257 /* MyModel.swift */,
				BF76DBBF2A42C35A00F57257 /* MyModelProtocol.swift */,
			);
			path = model;
			sourceTree = "<group>";
		};
		BF76DBC72A42C7FA00F57257 /* intent */ = {
			isa = PBXGroup;
			children = (
				BF76DBC82A42C81500F57257 /* MyIntent.swift */,
				BF76DBCA2A42C96D00F57257 /* MyIntentProtocol.swift */,
			);
			path = intent;
			sourceTree = "<group>";
		};
		BF8915C32A3A242F00679579 = {
			isa = PBXGroup;
			children = (
				BF8915CE2A3A242F00679579 /* iov-ios-app */,
				BF8915CD2A3A242F00679579 /* Products */,
				2B9ED6623CB1E26D9762B017 /* Pods */,
				A5645ECC39457853E94E0F49 /* Frameworks */,
			);
			sourceTree = "<group>";
		};
		BF8915CD2A3A242F00679579 /* Products */ = {
			isa = PBXGroup;
			children = (
				BF8915CC2A3A242F00679579 /* iov-ios-app.app */,
			);
			name = Products;
			sourceTree = "<group>";
		};
		BF8915CE2A3A242F00679579 /* iov-ios-app */ = {
			isa = PBXGroup;
			children = (
				BF4E9EF72B58C12F00D62888 /* Info.plist */,
				BF8915DF2A3A262700679579 /* base */,
				BF400EB22B2EE585006931B5 /* constants */,
				BF8915EA2A3A263000679579 /* data */,
				BF400EA52B2ACF3B006931B5 /* extensions */,
				BF8915F52A3A263A00679579 /* ui */,
				BF400E9A2B2996C5006931B5 /* user */,
				BF89160E2A3A263E00679579 /* utils */,
				BF8915DD2A3A261900679579 /* AppGlobalState.swift */,
				BF8915CF2A3A242F00679579 /* IovApp.swift */,
				BF8915D12A3A242F00679579 /* ContentView.swift */,
				BF8915D32A3A243000679579 /* Assets.xcassets */,
				BF8915D52A3A243000679579 /* Preview Content */,
			);
			path = "iov-ios-app";
			sourceTree = "<group>";
		};
		BF8915D52A3A243000679579 /* Preview Content */ = {
			isa = PBXGroup;
			children = (
				BF8915D62A3A243000679579 /* Preview Assets.xcassets */,
			);
			path = "Preview Content";
			sourceTree = "<group>";
		};
		BF8915DF2A3A262700679579 /* base */ = {
			isa = PBXGroup;
			children = (
				BF76DBB22A42B16A00F57257 /* router */,
				BF8915E02A3A262700679579 /* BaseViewModel.swift */,
				BF8915E22A3A262700679579 /* MviActionProcessor.swift */,
				BF76DBB92A42B94800F57257 /* MviContainer.swift */,
				BF8915E42A3A262700679579 /* MviModelActionProtocol.swift */,
				BF76DBBB2A42B9BE00F57257 /* MviModelRouterProtocol.swift */,
				BF8915E12A3A262700679579 /* MviModelStateProtocol.swift */,
				BF8915E32A3A262700679579 /* MviIntentProtocol.swift */,
			);
			path = base;
			sourceTree = "<group>";
		};
		BF8915EA2A3A263000679579 /* data */ = {
			isa = PBXGroup;
			children = (
				BF8915EB2A3A263000679579 /* bean */,
				BF8915ED2A3A263000679579 /* http */,
			);
			path = data;
			sourceTree = "<group>";
		};
		BF8915EB2A3A263000679579 /* bean */ = {
			isa = PBXGroup;
			children = (
				BF8915EC2A3A263000679579 /* HttpBean.swift */,
			);
			path = bean;
			sourceTree = "<group>";
		};
		BF8915ED2A3A263000679579 /* http */ = {
			isa = PBXGroup;
			children = (
				BF8915EE2A3A263000679579 /* BaseAPI.swift */,
				BFDCBA882A4715C3008207F2 /* NetworkManager.swift */,
				BF8915EF2A3A263000679579 /* TspNetworkManager.swift */,
				BF8915F02A3A263000679579 /* ServerResponse.swift */,
				BFC11C0C2A5ABF8100416BF4 /* TspApi.swift */,
			);
			path = http;
			sourceTree = "<group>";
		};
		BF8915F52A3A263A00679579 /* ui */ = {
			isa = PBXGroup;
			children = (
				BF400EA82B2AE0BD006931B5 /* theme */,
				BF8915F62A3A263A00679579 /* page */,
				BF8916022A3A263A00679579 /* widget */,
			);
			path = ui;
			sourceTree = "<group>";
		};
		BF8915F62A3A263A00679579 /* page */ = {
			isa = PBXGroup;
			children = (
				BF8915F72A3A263A00679579 /* common */,
				BF8915FA2A3A263A00679579 /* my */,
				BFB39F972B6790E500DC6E28 /* my-setting */,
				BF76DB8C2A41479C00F57257 /* my-setting-profile */,
				BFB39FB02B68D1F500DC6E28 /* my-setting-profile-nickname */,
				BFB39FC72B6A1F2C00DC6E28 /* my-setting-profile-gender */,
				BF8915FC2A3A263A00679579 /* login */,
			);
			path = page;
			sourceTree = "<group>";
		};
		BF8915F72A3A263A00679579 /* common */ = {
			isa = PBXGroup;
			children = (
				BF8915F92A3A263A00679579 /* HomeEntry.swift */,
			);
			path = common;
			sourceTree = "<group>";
		};
		BF8915FA2A3A263A00679579 /* my */ = {
			isa = PBXGroup;
			children = (
				BF76DBC12A42C3EC00F57257 /* MyTypes.swift */,
				BF76DBBE2A42C34200F57257 /* model */,
				BF76DBBD2A42C2EB00F57257 /* view */,
				BF76DBC72A42C7FA00F57257 /* intent */,
				BFDCBA7F2A44244E008207F2 /* router */,
			);
			path = my;
			sourceTree = "<group>";
		};
		BF8915FC2A3A263A00679579 /* login */ = {
			isa = PBXGroup;
			children = (
				BFDE65962A42DCDA00D45349 /* LoginTypes.swift */,
				BFDE658C2A42D97E00D45349 /* model */,
				BFDE65892A42D92500D45349 /* view */,
				BFDE65912A42DA1A00D45349 /* intent */,
				BFDE65982A42EC0D00D45349 /* router */,
			);
			path = login;
			sourceTree = "<group>";
		};
		BF8916022A3A263A00679579 /* widget */ = {
			isa = PBXGroup;
			children = (
				BF8916032A3A263A00679579 /* bar */,
				BF400EAB2B2B3CF6006931B5 /* button */,
				BF76DB9D2A417D9400F57257 /* item */,
				BF76DB8F2A41499300F57257 /* list */,
				BF76DB922A41521D00F57257 /* modifier */,
				BFDCBA852A46988E008207F2 /* picker */,
				BFA7096B2B58B80C0069DAB8 /* text */,
				BFDCBA822A443B45008207F2 /* tip */,
			);
			path = widget;
			sourceTree = "<group>";
		};
		BF8916032A3A263A00679579 /* bar */ = {
			isa = PBXGroup;
			children = (
				BF8916042A3A263A00679579 /* TopBackTitleBar.swift */,
			);
			path = bar;
			sourceTree = "<group>";
		};
		BF89160E2A3A263E00679579 /* utils */ = {
			isa = PBXGroup;
			children = (
				BF89160F2A3A263E00679579 /* CodableDefault.swift */,
				BF8916102A3A263E00679579 /* AppUserUtil.swift */,
				BF76DBA02A41BE6400F57257 /* CommonUtil.swift */,
				BF400E9D2B2998FF006931B5 /* RealmManager.swift */,
			);
			path = utils;
			sourceTree = "<group>";
		};
		BFA7096B2B58B80C0069DAB8 /* text */ = {
			isa = PBXGroup;
			children = (
				BF4E9EF82B5A256300D62888 /* CaptchaTextField.swift */,
				BFA7096C2B58B8530069DAB8 /* MobileTextField.swift */,
			);
			path = text;
			sourceTree = "<group>";
		};
		BFB39F972B6790E500DC6E28 /* my-setting */ = {
			isa = PBXGroup;
			children = (
				BFB39F982B67911A00DC6E28 /* MySettingTypes.swift */,
				BFB39F9D2B6791EE00DC6E28 /* model */,
				BFB39F9A2B67913C00DC6E28 /* view */,
				BFB39FA52B679E6B00DC6E28 /* intent */,
				BFB39FA22B6792FE00DC6E28 /* router */,
			);
			path = "my-setting";
			sourceTree = "<group>";
		};
		BFB39F9A2B67913C00DC6E28 /* view */ = {
			isa = PBXGroup;
			children = (
				BFB39F9B2B67918600DC6E28 /* MySettingView.swift */,
				BFB39FA82B679F5600DC6E28 /* MySettingView+Build.swift */,
				BFB39FAC2B67B88000DC6E28 /* MySettingView_Login.swift */,
				BFB39FAE2B67B8BE00DC6E28 /* MySettingView_NotLogin.swift */,
			);
			path = view;
			sourceTree = "<group>";
		};
		BFB39F9D2B6791EE00DC6E28 /* model */ = {
			isa = PBXGroup;
			children = (
				BFB39FA02B67929300DC6E28 /* MySettingModel.swift */,
				BFB39F9E2B67921000DC6E28 /* MySettingModelProtocol.swift */,
			);
			path = model;
			sourceTree = "<group>";
		};
		BFB39FA22B6792FE00DC6E28 /* router */ = {
			isa = PBXGroup;
			children = (
				BFB39FA32B67931700DC6E28 /* MySettingRouter.swift */,
			);
			path = router;
			sourceTree = "<group>";
		};
		BFB39FA52B679E6B00DC6E28 /* intent */ = {
			isa = PBXGroup;
			children = (
				BFB39FAA2B67A06200DC6E28 /* MySettingIntent.swift */,
				BFB39FA62B679E8600DC6E28 /* MySettingIntentProtocol.swift */,
			);
			path = intent;
			sourceTree = "<group>";
		};
		BFB39FB02B68D1F500DC6E28 /* my-setting-profile-nickname */ = {
			isa = PBXGroup;
			children = (
				BFB39FB12B68D21D00DC6E28 /* MySettingProfileNicknameTypes.swift */,
				BFB39FB32B68D23100DC6E28 /* model */,
				BFB39FB42B68D23900DC6E28 /* view */,
				BFB39FB52B68D24500DC6E28 /* intent */,
				BFB39FB62B68D25900DC6E28 /* router */,
			);
			path = "my-setting-profile-nickname";
			sourceTree = "<group>";
		};
		BFB39FB32B68D23100DC6E28 /* model */ = {
			isa = PBXGroup;
			children = (
				BFB39FBB2B68D31300DC6E28 /* MySettingProfileNicknameModel.swift */,
				BFB39FBD2B68D37600DC6E28 /* MySettingProfileNicknameModelProtocol.swift */,
			);
			path = model;
			sourceTree = "<group>";
		};
		BFB39FB42B68D23900DC6E28 /* view */ = {
			isa = PBXGroup;
			children = (
				BFB39FB72B68D28200DC6E28 /* MySettingProfileNicknameView.swift */,
				BFB39FB92B68D2D900DC6E28 /* MySettingProfileNicknameView+Build.swift */,
			);
			path = view;
			sourceTree = "<group>";
		};
		BFB39FB52B68D24500DC6E28 /* intent */ = {
			isa = PBXGroup;
			children = (
				BFB39FBF2B68D3AE00DC6E28 /* MySettingProfileNicknameIntent.swift */,
				BFB39FC12B68D40400DC6E28 /* MySettingProfileNicknameIntentProtocol.swift */,
			);
			path = intent;
			sourceTree = "<group>";
		};
		BFB39FB62B68D25900DC6E28 /* router */ = {
			isa = PBXGroup;
			children = (
				BFB39FC32B68D42E00DC6E28 /* MySettingProfileNicknameRouter.swift */,
			);
			path = router;
			sourceTree = "<group>";
		};
		BFB39FC72B6A1F2C00DC6E28 /* my-setting-profile-gender */ = {
			isa = PBXGroup;
			children = (
				BFB39FC82B6A1FAD00DC6E28 /* MySettingProfileGenderTypes.swift */,
				BFB39FCA2B6A200800DC6E28 /* model */,
				BFB39FCF2B6A210300DC6E28 /* view */,
				BFB39FD42B6A220600DC6E28 /* intent */,
				BFB39FD92B6A244100DC6E28 /* router */,
			);
			path = "my-setting-profile-gender";
			sourceTree = "<group>";
		};
		BFB39FCA2B6A200800DC6E28 /* model */ = {
			isa = PBXGroup;
			children = (
				BFB39FCB2B6A202A00DC6E28 /* MySettingProfileGenderModel.swift */,
				BFB39FCD2B6A203E00DC6E28 /* MySettingProfileGenderModelProtocol.swift */,
			);
			path = model;
			sourceTree = "<group>";
		};
		BFB39FCF2B6A210300DC6E28 /* view */ = {
			isa = PBXGroup;
			children = (
				BFB39FD02B6A214100DC6E28 /* MySettingProfileGenderView.swift */,
				BFB39FD22B6A215600DC6E28 /* MySettingProfileGenderView+Build.swift */,
			);
			path = view;
			sourceTree = "<group>";
		};
		BFB39FD42B6A220600DC6E28 /* intent */ = {
			isa = PBXGroup;
			children = (
				BFB39FD52B6A221B00DC6E28 /* MySettingProfileGenderIntent.swift */,
				BFB39FD72B6A223100DC6E28 /* MySettingProfileGenderIntentProtocol.swift */,
			);
			path = intent;
			sourceTree = "<group>";
		};
		BFB39FD92B6A244100DC6E28 /* router */ = {
			isa = PBXGroup;
			children = (
				BFB39FDA2B6A246200DC6E28 /* MySettingProfileGenderRouter.swift */,
			);
			path = router;
			sourceTree = "<group>";
		};
		BFDCBA7F2A44244E008207F2 /* router */ = {
			isa = PBXGroup;
			children = (
				BFDCBA802A442541008207F2 /* MyRouter.swift */,
			);
			path = router;
			sourceTree = "<group>";
		};
		BFDCBA822A443B45008207F2 /* tip */ = {
			isa = PBXGroup;
			children = (
				BFDCBA832A443B65008207F2 /* ErrorTip.swift */,
				BFB39FDC2B6A39DF00DC6E28 /* LoadingTip.swift */,
			);
			path = tip;
			sourceTree = "<group>";
		};
		BFDCBA852A46988E008207F2 /* picker */ = {
			isa = PBXGroup;
			children = (
				BF76DBA22A41C27200F57257 /* GenderPicker.swift */,
				BFDCBA862A4698EF008207F2 /* ImagePicker.swift */,
			);
			path = picker;
			sourceTree = "<group>";
		};
		BFDE65892A42D92500D45349 /* view */ = {
			isa = PBXGroup;
			children = (
				BF8915FD2A3A263A00679579 /* LoginView.swift */,
				BF4E9EFA2B5A45E500D62888 /* LoginView_MobileLogin.swift */,
				BF4E9EFC2B5A48BE00D62888 /* LoginView_MobileVerifyCode.swift */,
				BFDE658A2A42D94E00D45349 /* LoginView+Build.swift */,
			);
			path = view;
			sourceTree = "<group>";
		};
		BFDE658C2A42D97E00D45349 /* model */ = {
			isa = PBXGroup;
			children = (
				BFDE658D2A42D99600D45349 /* LoginModel.swift */,
				BFDE658F2A42D9BF00D45349 /* LoginModelProtocol.swift */,
			);
			path = model;
			sourceTree = "<group>";
		};
		BFDE65912A42DA1A00D45349 /* intent */ = {
			isa = PBXGroup;
			children = (
				BFDE65922A42DA2D00D45349 /* LoginIntent.swift */,
				BFDE65942A42DB8A00D45349 /* LoginIntentProtocol.swift */,
			);
			path = intent;
			sourceTree = "<group>";
		};
		BFDE65982A42EC0D00D45349 /* router */ = {
			isa = PBXGroup;
			children = (
				BFDE65992A42EC3C00D45349 /* LoginRouter.swift */,
			);
			path = router;
			sourceTree = "<group>";
		};
		BFDE659D2A42EDD200D45349 /* modifier */ = {
			isa = PBXGroup;
			children = (
				BFDE659E2A42EDEA00D45349 /* RouterNavigationViewModifier.swift */,
				BFDE65A02A42EE1300D45349 /* RouterNavigationStackModifier.swift */,
				BFDE65A22A42EE5300D45349 /* RouterSheetModifier.swift */,
				BFDE65A42A42EEB200D45349 /* RouterAlertModifier.swift */,
				BFDE65A62A42EF0E00D45349 /* RouterCloseModifier.swift */,
			);
			path = modifier;
			sourceTree = "<group>";
		};
/* End PBXGroup section */

/* Begin PBXNativeTarget section */
		BF8915CB2A3A242F00679579 /* iov-ios-app */ = {
			isa = PBXNativeTarget;
			buildConfigurationList = BF8915DA2A3A243000679579 /* Build configuration list for PBXNativeTarget "iov-ios-app" */;
			buildPhases = (
				FA23B2FE60F0D3CE7475F7AD /* [CP] Check Pods Manifest.lock */,
				BF8915C82A3A242F00679579 /* Sources */,
				BF8915C92A3A242F00679579 /* Frameworks */,
				BF8915CA2A3A242F00679579 /* Resources */,
				05F4FB2E0B17E5D96B2C6FCC /* [CP] Embed Pods Frameworks */,
			);
			buildRules = (
			);
			dependencies = (
			);
			name = "iov-ios-app";
			packageProductDependencies = (
			);
			productName = "iov-ios-app";
			productReference = BF8915CC2A3A242F00679579 /* iov-ios-app.app */;
			productType = "com.apple.product-type.application";
		};
/* End PBXNativeTarget section */

/* Begin PBXProject section */
		BF8915C42A3A242F00679579 /* Project object */ = {
			isa = PBXProject;
			attributes = {
				BuildIndependentTargetsInParallel = 1;
				LastSwiftUpdateCheck = 1420;
				LastUpgradeCheck = 1420;
				TargetAttributes = {
					BF8915CB2A3A242F00679579 = {
						CreatedOnToolsVersion = 14.2;
					};
				};
			};
			buildConfigurationList = BF8915C72A3A242F00679579 /* Build configuration list for PBXProject "iov-ios-app" */;
			compatibilityVersion = "Xcode 14.0";
			developmentRegion = en;
			hasScannedForEncodings = 0;
			knownRegions = (
				en,
				Base,
			);
			mainGroup = BF8915C32A3A242F00679579;
			packageReferences = (
			);
			productRefGroup = BF8915CD2A3A242F00679579 /* Products */;
			projectDirPath = "";
			projectRoot = "";
			targets = (
				BF8915CB2A3A242F00679579 /* iov-ios-app */,
			);
		};
/* End PBXProject section */

/* Begin PBXResourcesBuildPhase section */
		BF8915CA2A3A242F00679579 /* Resources */ = {
			isa = PBXResourcesBuildPhase;
			buildActionMask = 2147483647;
			files = (
				BF8915D72A3A243000679579 /* Preview Assets.xcassets in Resources */,
				BF8915D42A3A243000679579 /* Assets.xcassets in Resources */,
			);
			runOnlyForDeploymentPostprocessing = 0;
		};
/* End PBXResourcesBuildPhase section */

/* Begin PBXShellScriptBuildPhase section */
		05F4FB2E0B17E5D96B2C6FCC /* [CP] Embed Pods Frameworks */ = {
			isa = PBXShellScriptBuildPhase;
			buildActionMask = 2147483647;
			files = (
			);
			inputFileListPaths = (
				"${PODS_ROOT}/Target Support Files/Pods-iov-ios-app/Pods-iov-ios-app-frameworks-${CONFIGURATION}-input-files.xcfilelist",
			);
			name = "[CP] Embed Pods Frameworks";
			outputFileListPaths = (
				"${PODS_ROOT}/Target Support Files/Pods-iov-ios-app/Pods-iov-ios-app-frameworks-${CONFIGURATION}-output-files.xcfilelist",
			);
			runOnlyForDeploymentPostprocessing = 0;
			shellPath = /bin/sh;
			shellScript = "\"${PODS_ROOT}/Target Support Files/Pods-iov-ios-app/Pods-iov-ios-app-frameworks.sh\"\n";
			showEnvVarsInLog = 0;
		};
		FA23B2FE60F0D3CE7475F7AD /* [CP] Check Pods Manifest.lock */ = {
			isa = PBXShellScriptBuildPhase;
			buildActionMask = 2147483647;
			files = (
			);
			inputFileListPaths = (
			);
			inputPaths = (
				"${PODS_PODFILE_DIR_PATH}/Podfile.lock",
				"${PODS_ROOT}/Manifest.lock",
			);
			name = "[CP] Check Pods Manifest.lock";
			outputFileListPaths = (
			);
			outputPaths = (
				"$(DERIVED_FILE_DIR)/Pods-iov-ios-app-checkManifestLockResult.txt",
			);
			runOnlyForDeploymentPostprocessing = 0;
			shellPath = /bin/sh;
			shellScript = "diff \"${PODS_PODFILE_DIR_PATH}/Podfile.lock\" \"${PODS_ROOT}/Manifest.lock\" > /dev/null\nif [ $? != 0 ] ; then\n    # print error to STDERR\n    echo \"error: The sandbox is not in sync with the Podfile.lock. Run 'pod install' or update your CocoaPods installation.\" >&2\n    exit 1\nfi\n# This output is used by Xcode 'outputs' to avoid re-running this script phase.\necho \"SUCCESS\" > \"${SCRIPT_OUTPUT_FILE_0}\"\n";
			showEnvVarsInLog = 0;
		};
/* End PBXShellScriptBuildPhase section */

/* Begin PBXSourcesBuildPhase section */
		BF8915C82A3A242F00679579 /* Sources */ = {
			isa = PBXSourcesBuildPhase;
			buildActionMask = 2147483647;
			files = (
				BF8915E62A3A262700679579 /* MviModelStateProtocol.swift in Sources */,
				BF76DBAE2A42A7ED00F57257 /* MySettingProfileIntentProtocol.swift in Sources */,
				BF76DBB42A42B18000F57257 /* RouterProtocol.swift in Sources */,
				BF8915F42A3A263000679579 /* ServerResponse.swift in Sources */,
				BFDE65932A42DA2D00D45349 /* LoginIntent.swift in Sources */,
				BF76DBC02A42C35A00F57257 /* MyModelProtocol.swift in Sources */,
				BF4E9EFD2B5A48BE00D62888 /* LoginView_MobileVerifyCode.swift in Sources */,
				BF76DBA72A4299D600F57257 /* MySettingProfileTypes.swift in Sources */,
				BF400EA22B29A76F006931B5 /* MyView_NotLogin.swift in Sources */,
				BF8915E72A3A262700679579 /* MviActionProcessor.swift in Sources */,
				BF4E9EF92B5A256300D62888 /* CaptchaTextField.swift in Sources */,
				BFB39FCE2B6A203E00DC6E28 /* MySettingProfileGenderModelProtocol.swift in Sources */,
				BF76DBBA2A42B94800F57257 /* MviContainer.swift in Sources */,
				BFDCBA842A443B65008207F2 /* ErrorTip.swift in Sources */,
				BF400EA02B29A58A006931B5 /* MyView_Login.swift in Sources */,
				BFDE65A52A42EEB200D45349 /* RouterAlertModifier.swift in Sources */,
				BFB39F9C2B67918600DC6E28 /* MySettingView.swift in Sources */,
				BFB39FC62B6A167700DC6E28 /* Errors.swift in Sources */,
				BF8915D22A3A242F00679579 /* ContentView.swift in Sources */,
				BFA7096D2B58B8530069DAB8 /* MobileTextField.swift in Sources */,
				BF76DB912A414F1700F57257 /* ContentList.swift in Sources */,
				BF76DB8E2A4147B200F57257 /* MySettingProfileView.swift in Sources */,
				BFDCBA892A4715C3008207F2 /* NetworkManager.swift in Sources */,
				BF400EAA2B2AE0D4006931B5 /* Theme.swift in Sources */,
				BF76DBC92A42C81500F57257 /* MyIntent.swift in Sources */,
				BF8915F12A3A263000679579 /* HttpBean.swift in Sources */,
				BFB39FBA2B68D2D900DC6E28 /* MySettingProfileNicknameView+Build.swift in Sources */,
				BFDE65902A42D9BF00D45349 /* LoginModelProtocol.swift in Sources */,
				BF400E9C2B2996FF006931B5 /* UserManager.swift in Sources */,
				BFDCBA812A442541008207F2 /* MyRouter.swift in Sources */,
				BF8916122A3A263F00679579 /* AppUserUtil.swift in Sources */,
				BF4E9EFB2B5A45E500D62888 /* LoginView_MobileLogin.swift in Sources */,
				BF76DBB62A42B4FC00F57257 /* MySettingProfileView+Build.swift in Sources */,
				BF76DBC22A42C3EC00F57257 /* MyTypes.swift in Sources */,
				BF8915F32A3A263000679579 /* TspNetworkManager.swift in Sources */,
				BF400EB42B2EE599006931B5 /* Constants.swift in Sources */,
				BFB39FBE2B68D37600DC6E28 /* MySettingProfileNicknameModelProtocol.swift in Sources */,
				BFB39FA42B67931700DC6E28 /* MySettingRouter.swift in Sources */,
				BFB39F992B67911A00DC6E28 /* MySettingTypes.swift in Sources */,
				BFDE659F2A42EDEA00D45349 /* RouterNavigationViewModifier.swift in Sources */,
				BF89160D2A3A263A00679579 /* TopBackTitleBar.swift in Sources */,
				BF8916072A3A263A00679579 /* MyView.swift in Sources */,
				BFDE658E2A42D99600D45349 /* LoginModel.swift in Sources */,
				BFDE658B2A42D94E00D45349 /* LoginView+Build.swift in Sources */,
				BF8916062A3A263A00679579 /* HomeEntry.swift in Sources */,
				BF76DB942A41523100F57257 /* BottomLineModifier.swift in Sources */,
				BF8915E52A3A262700679579 /* BaseViewModel.swift in Sources */,
				BFB39FAD2B67B88000DC6E28 /* MySettingView_Login.swift in Sources */,
				BFB39FC22B68D40400DC6E28 /* MySettingProfileNicknameIntentProtocol.swift in Sources */,
				BF76DBA52A4298D700F57257 /* MySettingProfileModelProtocol.swift in Sources */,
				BF8915E92A3A262700679579 /* MviModelActionProtocol.swift in Sources */,
				BF76DBB12A42B0BB00F57257 /* MySettingProfileRouter.swift in Sources */,
				BF76DBC62A42C74F00F57257 /* MyView+Build.swift in Sources */,
				BFB39FC42B68D42E00DC6E28 /* MySettingProfileNicknameRouter.swift in Sources */,
				BFB39FD12B6A214100DC6E28 /* MySettingProfileGenderView.swift in Sources */,
				BFB39FDD2B6A39DF00DC6E28 /* LoadingTip.swift in Sources */,
				BF76DBAA2A429A9D00F57257 /* MySettingProfileModel.swift in Sources */,
				BF8915D02A3A242F00679579 /* IovApp.swift in Sources */,
				BFB39FB82B68D28200DC6E28 /* MySettingProfileNicknameView.swift in Sources */,
				BFDE65A32A42EE5300D45349 /* RouterSheetModifier.swift in Sources */,
				BFDE659C2A42EDA900D45349 /* RouterScreenProtocol.swift in Sources */,
				BF76DBA32A41C27200F57257 /* GenderPicker.swift in Sources */,
				BF400EA72B2ADCC9006931B5 /* ColorExtension.swift in Sources */,
				BFB39FDB2B6A246200DC6E28 /* MySettingProfileGenderRouter.swift in Sources */,
				BFDE65952A42DB8A00D45349 /* LoginIntentProtocol.swift in Sources */,
				BF8915E82A3A262700679579 /* MviIntentProtocol.swift in Sources */,
				BFB39FA72B679E8600DC6E28 /* MySettingIntentProtocol.swift in Sources */,
				BFB39F9F2B67921000DC6E28 /* MySettingModelProtocol.swift in Sources */,
				BF8916112A3A263F00679579 /* CodableDefault.swift in Sources */,
				BFB39FCC2B6A202A00DC6E28 /* MySettingProfileGenderModel.swift in Sources */,
				BFB39FBC2B68D31300DC6E28 /* MySettingProfileNicknameModel.swift in Sources */,
				BFDE65A72A42EF0E00D45349 /* RouterCloseModifier.swift in Sources */,
				BF76DBC42A42C4C200F57257 /* MyModel.swift in Sources */,
				BF76DBB82A42B6B100F57257 /* MySettingProfileIntent.swift in Sources */,
				BFDCBA872A4698EF008207F2 /* ImagePicker.swift in Sources */,
				BFB39FD82B6A223100DC6E28 /* MySettingProfileGenderIntentProtocol.swift in Sources */,
				BFB39FC02B68D3AE00DC6E28 /* MySettingProfileNicknameIntent.swift in Sources */,
				BFDE65972A42DCDA00D45349 /* LoginTypes.swift in Sources */,
				BF8915DE2A3A261A00679579 /* AppGlobalState.swift in Sources */,
				BFB39FAB2B67A06200DC6E28 /* MySettingIntent.swift in Sources */,
				BFB39FB22B68D21D00DC6E28 /* MySettingProfileNicknameTypes.swift in Sources */,
				BFB39FA12B67929300DC6E28 /* MySettingModel.swift in Sources */,
				BF76DBBC2A42B9BE00F57257 /* MviModelRouterProtocol.swift in Sources */,
				BFB39FD32B6A215600DC6E28 /* MySettingProfileGenderView+Build.swift in Sources */,
				BF400E9E2B2998FF006931B5 /* RealmManager.swift in Sources */,
				BFC11C0D2A5ABF8100416BF4 /* TspApi.swift in Sources */,
				BF8916082A3A263A00679579 /* LoginView.swift in Sources */,
				BF76DBCB2A42C96D00F57257 /* MyIntentProtocol.swift in Sources */,
				BF76DB9F2A417FE800F57257 /* TextIFieldtem.swift in Sources */,
				BF8915F22A3A263000679579 /* BaseAPI.swift in Sources */,
				BFB39FA92B679F5600DC6E28 /* MySettingView+Build.swift in Sources */,
				BF400EAD2B2B3D1E006931B5 /* ClearButton.swift in Sources */,
				BF76DBA12A41BE6400F57257 /* CommonUtil.swift in Sources */,
				BFDE65A12A42EE1300D45349 /* RouterNavigationStackModifier.swift in Sources */,
				BFB39FC92B6A1FAD00DC6E28 /* MySettingProfileGenderTypes.swift in Sources */,
				BFDE659A2A42EC3C00D45349 /* LoginRouter.swift in Sources */,
				BFB39FD62B6A221B00DC6E28 /* MySettingProfileGenderIntent.swift in Sources */,
				BF76DB8B2A3DCDCC00F57257 /* TitleList.swift in Sources */,
				BFB39FAF2B67B8BE00DC6E28 /* MySettingView_NotLogin.swift in Sources */,
			);
			runOnlyForDeploymentPostprocessing = 0;
		};
/* End PBXSourcesBuildPhase section */

/* Begin XCBuildConfiguration section */
		BF8915D82A3A243000679579 /* Debug */ = {
			isa = XCBuildConfiguration;
			buildSettings = {
				ALWAYS_SEARCH_USER_PATHS = NO;
				CLANG_ANALYZER_NONNULL = YES;
				CLANG_ANALYZER_NUMBER_OBJECT_CONVERSION = YES_AGGRESSIVE;
				CLANG_CXX_LANGUAGE_STANDARD = "gnu++20";
				CLANG_ENABLE_MODULES = YES;
				CLANG_ENABLE_OBJC_ARC = YES;
				CLANG_ENABLE_OBJC_WEAK = YES;
				CLANG_WARN_BLOCK_CAPTURE_AUTORELEASING = YES;
				CLANG_WARN_BOOL_CONVERSION = YES;
				CLANG_WARN_COMMA = YES;
				CLANG_WARN_CONSTANT_CONVERSION = YES;
				CLANG_WARN_DEPRECATED_OBJC_IMPLEMENTATIONS = YES;
				CLANG_WARN_DIRECT_OBJC_ISA_USAGE = YES_ERROR;
				CLANG_WARN_DOCUMENTATION_COMMENTS = YES;
				CLANG_WARN_EMPTY_BODY = YES;
				CLANG_WARN_ENUM_CONVERSION = YES;
				CLANG_WARN_INFINITE_RECURSION = YES;
				CLANG_WARN_INT_CONVERSION = YES;
				CLANG_WARN_NON_LITERAL_NULL_CONVERSION = YES;
				CLANG_WARN_OBJC_IMPLICIT_RETAIN_SELF = YES;
				CLANG_WARN_OBJC_LITERAL_CONVERSION = YES;
				CLANG_WARN_OBJC_ROOT_CLASS = YES_ERROR;
				CLANG_WARN_QUOTED_INCLUDE_IN_FRAMEWORK_HEADER = YES;
				CLANG_WARN_RANGE_LOOP_ANALYSIS = YES;
				CLANG_WARN_STRICT_PROTOTYPES = YES;
				CLANG_WARN_SUSPICIOUS_MOVE = YES;
				CLANG_WARN_UNGUARDED_AVAILABILITY = YES_AGGRESSIVE;
				CLANG_WARN_UNREACHABLE_CODE = YES;
				CLANG_WARN__DUPLICATE_METHOD_MATCH = YES;
				COPY_PHASE_STRIP = NO;
				DEBUG_INFORMATION_FORMAT = dwarf;
				ENABLE_STRICT_OBJC_MSGSEND = YES;
				ENABLE_TESTABILITY = YES;
				GCC_C_LANGUAGE_STANDARD = gnu11;
				GCC_DYNAMIC_NO_PIC = NO;
				GCC_NO_COMMON_BLOCKS = YES;
				GCC_OPTIMIZATION_LEVEL = 0;
				GCC_PREPROCESSOR_DEFINITIONS = (
					"DEBUG=1",
					"$(inherited)",
				);
				GCC_WARN_64_TO_32_BIT_CONVERSION = YES;
				GCC_WARN_ABOUT_RETURN_TYPE = YES_ERROR;
				GCC_WARN_UNDECLARED_SELECTOR = YES;
				GCC_WARN_UNINITIALIZED_AUTOS = YES_AGGRESSIVE;
				GCC_WARN_UNUSED_FUNCTION = YES;
				GCC_WARN_UNUSED_VARIABLE = YES;
				IPHONEOS_DEPLOYMENT_TARGET = 16.2;
				MTL_ENABLE_DEBUG_INFO = INCLUDE_SOURCE;
				MTL_FAST_MATH = YES;
				ONLY_ACTIVE_ARCH = YES;
				SDKROOT = iphoneos;
				SWIFT_ACTIVE_COMPILATION_CONDITIONS = DEBUG;
				SWIFT_OPTIMIZATION_LEVEL = "-Onone";
			};
			name = Debug;
		};
		BF8915D92A3A243000679579 /* Release */ = {
			isa = XCBuildConfiguration;
			buildSettings = {
				ALWAYS_SEARCH_USER_PATHS = NO;
				CLANG_ANALYZER_NONNULL = YES;
				CLANG_ANALYZER_NUMBER_OBJECT_CONVERSION = YES_AGGRESSIVE;
				CLANG_CXX_LANGUAGE_STANDARD = "gnu++20";
				CLANG_ENABLE_MODULES = YES;
				CLANG_ENABLE_OBJC_ARC = YES;
				CLANG_ENABLE_OBJC_WEAK = YES;
				CLANG_WARN_BLOCK_CAPTURE_AUTORELEASING = YES;
				CLANG_WARN_BOOL_CONVERSION = YES;
				CLANG_WARN_COMMA = YES;
				CLANG_WARN_CONSTANT_CONVERSION = YES;
				CLANG_WARN_DEPRECATED_OBJC_IMPLEMENTATIONS = YES;
				CLANG_WARN_DIRECT_OBJC_ISA_USAGE = YES_ERROR;
				CLANG_WARN_DOCUMENTATION_COMMENTS = YES;
				CLANG_WARN_EMPTY_BODY = YES;
				CLANG_WARN_ENUM_CONVERSION = YES;
				CLANG_WARN_INFINITE_RECURSION = YES;
				CLANG_WARN_INT_CONVERSION = YES;
				CLANG_WARN_NON_LITERAL_NULL_CONVERSION = YES;
				CLANG_WARN_OBJC_IMPLICIT_RETAIN_SELF = YES;
				CLANG_WARN_OBJC_LITERAL_CONVERSION = YES;
				CLANG_WARN_OBJC_ROOT_CLASS = YES_ERROR;
				CLANG_WARN_QUOTED_INCLUDE_IN_FRAMEWORK_HEADER = YES;
				CLANG_WARN_RANGE_LOOP_ANALYSIS = YES;
				CLANG_WARN_STRICT_PROTOTYPES = YES;
				CLANG_WARN_SUSPICIOUS_MOVE = YES;
				CLANG_WARN_UNGUARDED_AVAILABILITY = YES_AGGRESSIVE;
				CLANG_WARN_UNREACHABLE_CODE = YES;
				CLANG_WARN__DUPLICATE_METHOD_MATCH = YES;
				COPY_PHASE_STRIP = NO;
				DEBUG_INFORMATION_FORMAT = "dwarf-with-dsym";
				ENABLE_NS_ASSERTIONS = NO;
				ENABLE_STRICT_OBJC_MSGSEND = YES;
				GCC_C_LANGUAGE_STANDARD = gnu11;
				GCC_NO_COMMON_BLOCKS = YES;
				GCC_WARN_64_TO_32_BIT_CONVERSION = YES;
				GCC_WARN_ABOUT_RETURN_TYPE = YES_ERROR;
				GCC_WARN_UNDECLARED_SELECTOR = YES;
				GCC_WARN_UNINITIALIZED_AUTOS = YES_AGGRESSIVE;
				GCC_WARN_UNUSED_FUNCTION = YES;
				GCC_WARN_UNUSED_VARIABLE = YES;
				IPHONEOS_DEPLOYMENT_TARGET = 16.2;
				MTL_ENABLE_DEBUG_INFO = NO;
				MTL_FAST_MATH = YES;
				SDKROOT = iphoneos;
				SWIFT_COMPILATION_MODE = wholemodule;
				SWIFT_OPTIMIZATION_LEVEL = "-O";
				VALIDATE_PRODUCT = YES;
			};
			name = Release;
		};
		BF8915DB2A3A243000679579 /* Debug */ = {
			isa = XCBuildConfiguration;
			baseConfigurationReference = DF1F9C24AC83563287304637 /* Pods-iov-ios-app.debug.xcconfig */;
			buildSettings = {
				ASSETCATALOG_COMPILER_APPICON_NAME = AppIcon;
				ASSETCATALOG_COMPILER_GLOBAL_ACCENT_COLOR_NAME = AccentColor;
				CODE_SIGN_STYLE = Automatic;
				CURRENT_PROJECT_VERSION = 1;
				DEVELOPMENT_ASSET_PATHS = "\"iov-ios-app/Preview Content\"";
				DEVELOPMENT_TEAM = 59LC28836W;
				ENABLE_PREVIEWS = YES;
				GENERATE_INFOPLIST_FILE = YES;
				INFOPLIST_FILE = "iov-ios-app/Info.plist";
				INFOPLIST_KEY_UIApplicationSupportsIndirectInputEvents = YES;
				INFOPLIST_KEY_UILaunchScreen_Generation = YES;
				INFOPLIST_KEY_UISupportedInterfaceOrientations_iPad = "UIInterfaceOrientationPortrait UIInterfaceOrientationPortraitUpsideDown UIInterfaceOrientationLandscapeLeft UIInterfaceOrientationLandscapeRight";
				INFOPLIST_KEY_UISupportedInterfaceOrientations_iPhone = "UIInterfaceOrientationPortrait UIInterfaceOrientationLandscapeLeft UIInterfaceOrientationLandscapeRight";
				LD_RUNPATH_SEARCH_PATHS = (
					"$(inherited)",
					"@executable_path/Frameworks",
				);
				MARKETING_VERSION = 1.0;
				PRODUCT_BUNDLE_IDENTIFIER = "net.hwyz.iov-ios-app";
				PRODUCT_NAME = "$(TARGET_NAME)";
				SWIFT_EMIT_LOC_STRINGS = YES;
				SWIFT_VERSION = 5.0;
				TARGETED_DEVICE_FAMILY = "1,2";
			};
			name = Debug;
		};
		BF8915DC2A3A243000679579 /* Release */ = {
			isa = XCBuildConfiguration;
			baseConfigurationReference = 304BCF13A894CA0FACFB42B0 /* Pods-iov-ios-app.release.xcconfig */;
			buildSettings = {
				ASSETCATALOG_COMPILER_APPICON_NAME = AppIcon;
				ASSETCATALOG_COMPILER_GLOBAL_ACCENT_COLOR_NAME = AccentColor;
				CODE_SIGN_STYLE = Automatic;
				CURRENT_PROJECT_VERSION = 1;
				DEVELOPMENT_ASSET_PATHS = "\"iov-ios-app/Preview Content\"";
				DEVELOPMENT_TEAM = 59LC28836W;
				ENABLE_PREVIEWS = YES;
				GENERATE_INFOPLIST_FILE = YES;
				INFOPLIST_FILE = "iov-ios-app/Info.plist";
				INFOPLIST_KEY_UIApplicationSupportsIndirectInputEvents = YES;
				INFOPLIST_KEY_UILaunchScreen_Generation = YES;
				INFOPLIST_KEY_UISupportedInterfaceOrientations_iPad = "UIInterfaceOrientationPortrait UIInterfaceOrientationPortraitUpsideDown UIInterfaceOrientationLandscapeLeft UIInterfaceOrientationLandscapeRight";
				INFOPLIST_KEY_UISupportedInterfaceOrientations_iPhone = "UIInterfaceOrientationPortrait UIInterfaceOrientationLandscapeLeft UIInterfaceOrientationLandscapeRight";
				LD_RUNPATH_SEARCH_PATHS = (
					"$(inherited)",
					"@executable_path/Frameworks",
				);
				MARKETING_VERSION = 1.0;
				PRODUCT_BUNDLE_IDENTIFIER = "net.hwyz.iov-ios-app";
				PRODUCT_NAME = "$(TARGET_NAME)";
				SWIFT_EMIT_LOC_STRINGS = YES;
				SWIFT_VERSION = 5.0;
				TARGETED_DEVICE_FAMILY = "1,2";
			};
			name = Release;
		};
/* End XCBuildConfiguration section */

/* Begin XCConfigurationList section */
		BF8915C72A3A242F00679579 /* Build configuration list for PBXProject "iov-ios-app" */ = {
			isa = XCConfigurationList;
			buildConfigurations = (
				BF8915D82A3A243000679579 /* Debug */,
				BF8915D92A3A243000679579 /* Release */,
			);
			defaultConfigurationIsVisible = 0;
			defaultConfigurationName = Release;
		};
		BF8915DA2A3A243000679579 /* Build configuration list for PBXNativeTarget "iov-ios-app" */ = {
			isa = XCConfigurationList;
			buildConfigurations = (
				BF8915DB2A3A243000679579 /* Debug */,
				BF8915DC2A3A243000679579 /* Release */,
			);
			defaultConfigurationIsVisible = 0;
			defaultConfigurationName = Release;
		};
/* End XCConfigurationList section */
	};
	rootObject = BF8915C42A3A242F00679579 /* Project object */;
}
