// !$*UTF8*$!
{
	archiveVersion = 1;
	classes = {
	};
	objectVersion = 56;
	objects = {

/* Begin PBXBuildFile section */
		BF76DB892A3A272D00F57257 /* Alamofire in Frameworks */ = {isa = PBXBuildFile; productRef = BF76DB882A3A272D00F57257 /* Alamofire */; };
		BF76DB8B2A3DCDCC00F57257 /* TitleList.swift in Sources */ = {isa = PBXBuildFile; fileRef = BF76DB8A2A3DCDCC00F57257 /* TitleList.swift */; };
		BF76DB8E2A4147B200F57257 /* ProfileView.swift in Sources */ = {isa = PBXBuildFile; fileRef = BF76DB8D2A4147B200F57257 /* ProfileView.swift */; };
		BF76DB912A414F1700F57257 /* ContentList.swift in Sources */ = {isa = PBXBuildFile; fileRef = BF76DB902A414F1700F57257 /* ContentList.swift */; };
		BF76DB942A41523100F57257 /* BottomLineModifier.swift in Sources */ = {isa = PBXBuildFile; fileRef = BF76DB932A41523100F57257 /* BottomLineModifier.swift */; };
		BF76DB962A416B6F00F57257 /* ProfileViewModel.swift in Sources */ = {isa = PBXBuildFile; fileRef = BF76DB952A416B6F00F57257 /* ProfileViewModel.swift */; };
		BF76DB9A2A416BDB00F57257 /* ProfileAction.swift in Sources */ = {isa = PBXBuildFile; fileRef = BF76DB992A416BDB00F57257 /* ProfileAction.swift */; };
		BF76DB9C2A416C2700F57257 /* ProfileState.swift in Sources */ = {isa = PBXBuildFile; fileRef = BF76DB9B2A416C2700F57257 /* ProfileState.swift */; };
		BF76DB9F2A417FE800F57257 /* TextIFieldtem.swift in Sources */ = {isa = PBXBuildFile; fileRef = BF76DB9E2A417FE800F57257 /* TextIFieldtem.swift */; };
		BF76DBA12A41BE6400F57257 /* Extensions.swift in Sources */ = {isa = PBXBuildFile; fileRef = BF76DBA02A41BE6400F57257 /* Extensions.swift */; };
		BF76DBA32A41C27200F57257 /* GenderPickerItem.swift in Sources */ = {isa = PBXBuildFile; fileRef = BF76DBA22A41C27200F57257 /* GenderPickerItem.swift */; };
		BF76DBA52A4298D700F57257 /* ProfileModelProtocol.swift in Sources */ = {isa = PBXBuildFile; fileRef = BF76DBA42A4298D700F57257 /* ProfileModelProtocol.swift */; };
		BF76DBA72A4299D600F57257 /* ProfileTypes.swift in Sources */ = {isa = PBXBuildFile; fileRef = BF76DBA62A4299D600F57257 /* ProfileTypes.swift */; };
		BF76DBAA2A429A9D00F57257 /* ProfileModel.swift in Sources */ = {isa = PBXBuildFile; fileRef = BF76DBA92A429A9D00F57257 /* ProfileModel.swift */; };
		BF76DBAE2A42A7ED00F57257 /* ProfileIntentProtocol.swift in Sources */ = {isa = PBXBuildFile; fileRef = BF76DBAD2A42A7ED00F57257 /* ProfileIntentProtocol.swift */; };
		BF76DBB12A42B0BB00F57257 /* ProfileRouter.swift in Sources */ = {isa = PBXBuildFile; fileRef = BF76DBB02A42B0BB00F57257 /* ProfileRouter.swift */; };
		BF76DBB42A42B18000F57257 /* RouterProtocol.swift in Sources */ = {isa = PBXBuildFile; fileRef = BF76DBB32A42B18000F57257 /* RouterProtocol.swift */; };
		BF76DBB62A42B4FC00F57257 /* ProfileView+Build.swift in Sources */ = {isa = PBXBuildFile; fileRef = BF76DBB52A42B4FC00F57257 /* ProfileView+Build.swift */; };
		BF76DBB82A42B6B100F57257 /* ProfileIntent.swift in Sources */ = {isa = PBXBuildFile; fileRef = BF76DBB72A42B6B100F57257 /* ProfileIntent.swift */; };
		BF76DBBA2A42B94800F57257 /* MviContainer.swift in Sources */ = {isa = PBXBuildFile; fileRef = BF76DBB92A42B94800F57257 /* MviContainer.swift */; };
		BF76DBBC2A42B9BE00F57257 /* MviModel.swift in Sources */ = {isa = PBXBuildFile; fileRef = BF76DBBB2A42B9BE00F57257 /* MviModel.swift */; };
		BF76DBC02A42C35A00F57257 /* MyModelProtocol.swift in Sources */ = {isa = PBXBuildFile; fileRef = BF76DBBF2A42C35A00F57257 /* MyModelProtocol.swift */; };
		BF76DBC22A42C3EC00F57257 /* MyTypes.swift in Sources */ = {isa = PBXBuildFile; fileRef = BF76DBC12A42C3EC00F57257 /* MyTypes.swift */; };
		BF76DBC42A42C4C200F57257 /* MyModel.swift in Sources */ = {isa = PBXBuildFile; fileRef = BF76DBC32A42C4C200F57257 /* MyModel.swift */; };
		BF76DBC62A42C74F00F57257 /* MyView+Build.swift in Sources */ = {isa = PBXBuildFile; fileRef = BF76DBC52A42C74F00F57257 /* MyView+Build.swift */; };
		BF76DBC92A42C81500F57257 /* MyIntent.swift in Sources */ = {isa = PBXBuildFile; fileRef = BF76DBC82A42C81500F57257 /* MyIntent.swift */; };
		BF76DBCB2A42C96D00F57257 /* MyIntentProtocol.swift in Sources */ = {isa = PBXBuildFile; fileRef = BF76DBCA2A42C96D00F57257 /* MyIntentProtocol.swift */; };
		BF8915D02A3A242F00679579 /* IovApp.swift in Sources */ = {isa = PBXBuildFile; fileRef = BF8915CF2A3A242F00679579 /* IovApp.swift */; };
		BF8915D22A3A242F00679579 /* ContentView.swift in Sources */ = {isa = PBXBuildFile; fileRef = BF8915D12A3A242F00679579 /* ContentView.swift */; };
		BF8915D42A3A243000679579 /* Assets.xcassets in Resources */ = {isa = PBXBuildFile; fileRef = BF8915D32A3A243000679579 /* Assets.xcassets */; };
		BF8915D72A3A243000679579 /* Preview Assets.xcassets in Resources */ = {isa = PBXBuildFile; fileRef = BF8915D62A3A243000679579 /* Preview Assets.xcassets */; };
		BF8915DE2A3A261A00679579 /* AppGlobalState.swift in Sources */ = {isa = PBXBuildFile; fileRef = BF8915DD2A3A261900679579 /* AppGlobalState.swift */; };
		BF8915E52A3A262700679579 /* BaseViewModel.swift in Sources */ = {isa = PBXBuildFile; fileRef = BF8915E02A3A262700679579 /* BaseViewModel.swift */; };
		BF8915E62A3A262700679579 /* MviState.swift in Sources */ = {isa = PBXBuildFile; fileRef = BF8915E12A3A262700679579 /* MviState.swift */; };
		BF8915E72A3A262700679579 /* MviActionProcessor.swift in Sources */ = {isa = PBXBuildFile; fileRef = BF8915E22A3A262700679579 /* MviActionProcessor.swift */; };
		BF8915E82A3A262700679579 /* MviIntent.swift in Sources */ = {isa = PBXBuildFile; fileRef = BF8915E32A3A262700679579 /* MviIntent.swift */; };
		BF8915E92A3A262700679579 /* MviAction.swift in Sources */ = {isa = PBXBuildFile; fileRef = BF8915E42A3A262700679579 /* MviAction.swift */; };
		BF8915F12A3A263000679579 /* HttpBean.swift in Sources */ = {isa = PBXBuildFile; fileRef = BF8915EC2A3A263000679579 /* HttpBean.swift */; };
		BF8915F22A3A263000679579 /* BaseAPI.swift in Sources */ = {isa = PBXBuildFile; fileRef = BF8915EE2A3A263000679579 /* BaseAPI.swift */; };
		BF8915F32A3A263000679579 /* NetworkManager.swift in Sources */ = {isa = PBXBuildFile; fileRef = BF8915EF2A3A263000679579 /* NetworkManager.swift */; };
		BF8915F42A3A263000679579 /* ServerResponse.swift in Sources */ = {isa = PBXBuildFile; fileRef = BF8915F02A3A263000679579 /* ServerResponse.swift */; };
		BF8916052A3A263A00679579 /* BottomNavView.swift in Sources */ = {isa = PBXBuildFile; fileRef = BF8915F82A3A263A00679579 /* BottomNavView.swift */; };
		BF8916062A3A263A00679579 /* HomeEntry.swift in Sources */ = {isa = PBXBuildFile; fileRef = BF8915F92A3A263A00679579 /* HomeEntry.swift */; };
		BF8916072A3A263A00679579 /* MyView.swift in Sources */ = {isa = PBXBuildFile; fileRef = BF8915FB2A3A263A00679579 /* MyView.swift */; };
		BF8916082A3A263A00679579 /* LoginView.swift in Sources */ = {isa = PBXBuildFile; fileRef = BF8915FD2A3A263A00679579 /* LoginView.swift */; };
		BF89160D2A3A263A00679579 /* TopTitleBar.swift in Sources */ = {isa = PBXBuildFile; fileRef = BF8916042A3A263A00679579 /* TopTitleBar.swift */; };
		BF8916112A3A263F00679579 /* CodableDefault.swift in Sources */ = {isa = PBXBuildFile; fileRef = BF89160F2A3A263E00679579 /* CodableDefault.swift */; };
		BF8916122A3A263F00679579 /* AppUserUtil.swift in Sources */ = {isa = PBXBuildFile; fileRef = BF8916102A3A263E00679579 /* AppUserUtil.swift */; };
		BFDE658B2A42D94E00D45349 /* LoginView+Build.swift in Sources */ = {isa = PBXBuildFile; fileRef = BFDE658A2A42D94E00D45349 /* LoginView+Build.swift */; };
		BFDE658E2A42D99600D45349 /* LoginModel.swift in Sources */ = {isa = PBXBuildFile; fileRef = BFDE658D2A42D99600D45349 /* LoginModel.swift */; };
		BFDE65902A42D9BF00D45349 /* LoginModelProtocol.swift in Sources */ = {isa = PBXBuildFile; fileRef = BFDE658F2A42D9BF00D45349 /* LoginModelProtocol.swift */; };
		BFDE65932A42DA2D00D45349 /* LoginIntent.swift in Sources */ = {isa = PBXBuildFile; fileRef = BFDE65922A42DA2D00D45349 /* LoginIntent.swift */; };
		BFDE65952A42DB8A00D45349 /* LoginIntentProtocol.swift in Sources */ = {isa = PBXBuildFile; fileRef = BFDE65942A42DB8A00D45349 /* LoginIntentProtocol.swift */; };
		BFDE65972A42DCDA00D45349 /* LoginTypes.swift in Sources */ = {isa = PBXBuildFile; fileRef = BFDE65962A42DCDA00D45349 /* LoginTypes.swift */; };
		BFDE659A2A42EC3C00D45349 /* LoginRouter.swift in Sources */ = {isa = PBXBuildFile; fileRef = BFDE65992A42EC3C00D45349 /* LoginRouter.swift */; };
		BFDE659C2A42EDA900D45349 /* RouterScreenProtocol.swift in Sources */ = {isa = PBXBuildFile; fileRef = BFDE659B2A42EDA900D45349 /* RouterScreenProtocol.swift */; };
		BFDE659F2A42EDEA00D45349 /* RouterNavigationViewModifier.swift in Sources */ = {isa = PBXBuildFile; fileRef = BFDE659E2A42EDEA00D45349 /* RouterNavigationViewModifier.swift */; };
		BFDE65A12A42EE1300D45349 /* RouterNavigationStackModifier.swift in Sources */ = {isa = PBXBuildFile; fileRef = BFDE65A02A42EE1300D45349 /* RouterNavigationStackModifier.swift */; };
		BFDE65A32A42EE5300D45349 /* RouterSheetModifier.swift in Sources */ = {isa = PBXBuildFile; fileRef = BFDE65A22A42EE5300D45349 /* RouterSheetModifier.swift */; };
		BFDE65A52A42EEB200D45349 /* RouterAlertModifier.swift in Sources */ = {isa = PBXBuildFile; fileRef = BFDE65A42A42EEB200D45349 /* RouterAlertModifier.swift */; };
		BFDE65A72A42EF0E00D45349 /* RouterCloseModifier.swift in Sources */ = {isa = PBXBuildFile; fileRef = BFDE65A62A42EF0E00D45349 /* RouterCloseModifier.swift */; };
/* End PBXBuildFile section */

/* Begin PBXFileReference section */
		BF76DB8A2A3DCDCC00F57257 /* TitleList.swift */ = {isa = PBXFileReference; lastKnownFileType = sourcecode.swift; path = TitleList.swift; sourceTree = "<group>"; };
		BF76DB8D2A4147B200F57257 /* ProfileView.swift */ = {isa = PBXFileReference; lastKnownFileType = sourcecode.swift; path = ProfileView.swift; sourceTree = "<group>"; };
		BF76DB902A414F1700F57257 /* ContentList.swift */ = {isa = PBXFileReference; lastKnownFileType = sourcecode.swift; path = ContentList.swift; sourceTree = "<group>"; };
		BF76DB932A41523100F57257 /* BottomLineModifier.swift */ = {isa = PBXFileReference; lastKnownFileType = sourcecode.swift; path = BottomLineModifier.swift; sourceTree = "<group>"; };
		BF76DB952A416B6F00F57257 /* ProfileViewModel.swift */ = {isa = PBXFileReference; lastKnownFileType = sourcecode.swift; path = ProfileViewModel.swift; sourceTree = "<group>"; };
		BF76DB992A416BDB00F57257 /* ProfileAction.swift */ = {isa = PBXFileReference; lastKnownFileType = sourcecode.swift; path = ProfileAction.swift; sourceTree = "<group>"; };
		BF76DB9B2A416C2700F57257 /* ProfileState.swift */ = {isa = PBXFileReference; lastKnownFileType = sourcecode.swift; path = ProfileState.swift; sourceTree = "<group>"; };
		BF76DB9E2A417FE800F57257 /* TextIFieldtem.swift */ = {isa = PBXFileReference; lastKnownFileType = sourcecode.swift; path = TextIFieldtem.swift; sourceTree = "<group>"; };
		BF76DBA02A41BE6400F57257 /* Extensions.swift */ = {isa = PBXFileReference; lastKnownFileType = sourcecode.swift; path = Extensions.swift; sourceTree = "<group>"; };
		BF76DBA22A41C27200F57257 /* GenderPickerItem.swift */ = {isa = PBXFileReference; lastKnownFileType = sourcecode.swift; path = GenderPickerItem.swift; sourceTree = "<group>"; };
		BF76DBA42A4298D700F57257 /* ProfileModelProtocol.swift */ = {isa = PBXFileReference; lastKnownFileType = sourcecode.swift; path = ProfileModelProtocol.swift; sourceTree = "<group>"; };
		BF76DBA62A4299D600F57257 /* ProfileTypes.swift */ = {isa = PBXFileReference; lastKnownFileType = sourcecode.swift; path = ProfileTypes.swift; sourceTree = "<group>"; };
		BF76DBA92A429A9D00F57257 /* ProfileModel.swift */ = {isa = PBXFileReference; lastKnownFileType = sourcecode.swift; path = ProfileModel.swift; sourceTree = "<group>"; };
		BF76DBAD2A42A7ED00F57257 /* ProfileIntentProtocol.swift */ = {isa = PBXFileReference; lastKnownFileType = sourcecode.swift; path = ProfileIntentProtocol.swift; sourceTree = "<group>"; };
		BF76DBB02A42B0BB00F57257 /* ProfileRouter.swift */ = {isa = PBXFileReference; lastKnownFileType = sourcecode.swift; path = ProfileRouter.swift; sourceTree = "<group>"; };
		BF76DBB32A42B18000F57257 /* RouterProtocol.swift */ = {isa = PBXFileReference; lastKnownFileType = sourcecode.swift; path = RouterProtocol.swift; sourceTree = "<group>"; };
		BF76DBB52A42B4FC00F57257 /* ProfileView+Build.swift */ = {isa = PBXFileReference; lastKnownFileType = sourcecode.swift; path = "ProfileView+Build.swift"; sourceTree = "<group>"; };
		BF76DBB72A42B6B100F57257 /* ProfileIntent.swift */ = {isa = PBXFileReference; lastKnownFileType = sourcecode.swift; path = ProfileIntent.swift; sourceTree = "<group>"; };
		BF76DBB92A42B94800F57257 /* MviContainer.swift */ = {isa = PBXFileReference; lastKnownFileType = sourcecode.swift; path = MviContainer.swift; sourceTree = "<group>"; };
		BF76DBBB2A42B9BE00F57257 /* MviModel.swift */ = {isa = PBXFileReference; lastKnownFileType = sourcecode.swift; path = MviModel.swift; sourceTree = "<group>"; };
		BF76DBBF2A42C35A00F57257 /* MyModelProtocol.swift */ = {isa = PBXFileReference; lastKnownFileType = sourcecode.swift; path = MyModelProtocol.swift; sourceTree = "<group>"; };
		BF76DBC12A42C3EC00F57257 /* MyTypes.swift */ = {isa = PBXFileReference; lastKnownFileType = sourcecode.swift; path = MyTypes.swift; sourceTree = "<group>"; };
		BF76DBC32A42C4C200F57257 /* MyModel.swift */ = {isa = PBXFileReference; lastKnownFileType = sourcecode.swift; path = MyModel.swift; sourceTree = "<group>"; };
		BF76DBC52A42C74F00F57257 /* MyView+Build.swift */ = {isa = PBXFileReference; lastKnownFileType = sourcecode.swift; path = "MyView+Build.swift"; sourceTree = "<group>"; };
		BF76DBC82A42C81500F57257 /* MyIntent.swift */ = {isa = PBXFileReference; lastKnownFileType = sourcecode.swift; path = MyIntent.swift; sourceTree = "<group>"; };
		BF76DBCA2A42C96D00F57257 /* MyIntentProtocol.swift */ = {isa = PBXFileReference; lastKnownFileType = sourcecode.swift; path = MyIntentProtocol.swift; sourceTree = "<group>"; };
		BF8915CC2A3A242F00679579 /* iov-ios-app.app */ = {isa = PBXFileReference; explicitFileType = wrapper.application; includeInIndex = 0; path = "iov-ios-app.app"; sourceTree = BUILT_PRODUCTS_DIR; };
		BF8915CF2A3A242F00679579 /* IovApp.swift */ = {isa = PBXFileReference; lastKnownFileType = sourcecode.swift; path = IovApp.swift; sourceTree = "<group>"; };
		BF8915D12A3A242F00679579 /* ContentView.swift */ = {isa = PBXFileReference; lastKnownFileType = sourcecode.swift; path = ContentView.swift; sourceTree = "<group>"; };
		BF8915D32A3A243000679579 /* Assets.xcassets */ = {isa = PBXFileReference; lastKnownFileType = folder.assetcatalog; path = Assets.xcassets; sourceTree = "<group>"; };
		BF8915D62A3A243000679579 /* Preview Assets.xcassets */ = {isa = PBXFileReference; lastKnownFileType = folder.assetcatalog; path = "Preview Assets.xcassets"; sourceTree = "<group>"; };
		BF8915DD2A3A261900679579 /* AppGlobalState.swift */ = {isa = PBXFileReference; fileEncoding = 4; lastKnownFileType = sourcecode.swift; path = AppGlobalState.swift; sourceTree = "<group>"; };
		BF8915E02A3A262700679579 /* BaseViewModel.swift */ = {isa = PBXFileReference; fileEncoding = 4; lastKnownFileType = sourcecode.swift; path = BaseViewModel.swift; sourceTree = "<group>"; };
		BF8915E12A3A262700679579 /* MviState.swift */ = {isa = PBXFileReference; fileEncoding = 4; lastKnownFileType = sourcecode.swift; path = MviState.swift; sourceTree = "<group>"; };
		BF8915E22A3A262700679579 /* MviActionProcessor.swift */ = {isa = PBXFileReference; fileEncoding = 4; lastKnownFileType = sourcecode.swift; path = MviActionProcessor.swift; sourceTree = "<group>"; };
		BF8915E32A3A262700679579 /* MviIntent.swift */ = {isa = PBXFileReference; fileEncoding = 4; lastKnownFileType = sourcecode.swift; path = MviIntent.swift; sourceTree = "<group>"; };
		BF8915E42A3A262700679579 /* MviAction.swift */ = {isa = PBXFileReference; fileEncoding = 4; lastKnownFileType = sourcecode.swift; path = MviAction.swift; sourceTree = "<group>"; };
		BF8915EC2A3A263000679579 /* HttpBean.swift */ = {isa = PBXFileReference; fileEncoding = 4; lastKnownFileType = sourcecode.swift; path = HttpBean.swift; sourceTree = "<group>"; };
		BF8915EE2A3A263000679579 /* BaseAPI.swift */ = {isa = PBXFileReference; fileEncoding = 4; lastKnownFileType = sourcecode.swift; path = BaseAPI.swift; sourceTree = "<group>"; };
		BF8915EF2A3A263000679579 /* NetworkManager.swift */ = {isa = PBXFileReference; fileEncoding = 4; lastKnownFileType = sourcecode.swift; path = NetworkManager.swift; sourceTree = "<group>"; };
		BF8915F02A3A263000679579 /* ServerResponse.swift */ = {isa = PBXFileReference; fileEncoding = 4; lastKnownFileType = sourcecode.swift; path = ServerResponse.swift; sourceTree = "<group>"; };
		BF8915F82A3A263A00679579 /* BottomNavView.swift */ = {isa = PBXFileReference; fileEncoding = 4; lastKnownFileType = sourcecode.swift; path = BottomNavView.swift; sourceTree = "<group>"; };
		BF8915F92A3A263A00679579 /* HomeEntry.swift */ = {isa = PBXFileReference; fileEncoding = 4; lastKnownFileType = sourcecode.swift; path = HomeEntry.swift; sourceTree = "<group>"; };
		BF8915FB2A3A263A00679579 /* MyView.swift */ = {isa = PBXFileReference; fileEncoding = 4; lastKnownFileType = sourcecode.swift; path = MyView.swift; sourceTree = "<group>"; };
		BF8915FD2A3A263A00679579 /* LoginView.swift */ = {isa = PBXFileReference; fileEncoding = 4; lastKnownFileType = sourcecode.swift; path = LoginView.swift; sourceTree = "<group>"; };
		BF8916042A3A263A00679579 /* TopTitleBar.swift */ = {isa = PBXFileReference; fileEncoding = 4; lastKnownFileType = sourcecode.swift; path = TopTitleBar.swift; sourceTree = "<group>"; };
		BF89160F2A3A263E00679579 /* CodableDefault.swift */ = {isa = PBXFileReference; fileEncoding = 4; lastKnownFileType = sourcecode.swift; path = CodableDefault.swift; sourceTree = "<group>"; };
		BF8916102A3A263E00679579 /* AppUserUtil.swift */ = {isa = PBXFileReference; fileEncoding = 4; lastKnownFileType = sourcecode.swift; path = AppUserUtil.swift; sourceTree = "<group>"; };
		BFDE658A2A42D94E00D45349 /* LoginView+Build.swift */ = {isa = PBXFileReference; lastKnownFileType = sourcecode.swift; path = "LoginView+Build.swift"; sourceTree = "<group>"; };
		BFDE658D2A42D99600D45349 /* LoginModel.swift */ = {isa = PBXFileReference; lastKnownFileType = sourcecode.swift; path = LoginModel.swift; sourceTree = "<group>"; };
		BFDE658F2A42D9BF00D45349 /* LoginModelProtocol.swift */ = {isa = PBXFileReference; lastKnownFileType = sourcecode.swift; path = LoginModelProtocol.swift; sourceTree = "<group>"; };
		BFDE65922A42DA2D00D45349 /* LoginIntent.swift */ = {isa = PBXFileReference; lastKnownFileType = sourcecode.swift; path = LoginIntent.swift; sourceTree = "<group>"; };
		BFDE65942A42DB8A00D45349 /* LoginIntentProtocol.swift */ = {isa = PBXFileReference; lastKnownFileType = sourcecode.swift; path = LoginIntentProtocol.swift; sourceTree = "<group>"; };
		BFDE65962A42DCDA00D45349 /* LoginTypes.swift */ = {isa = PBXFileReference; lastKnownFileType = sourcecode.swift; path = LoginTypes.swift; sourceTree = "<group>"; };
		BFDE65992A42EC3C00D45349 /* LoginRouter.swift */ = {isa = PBXFileReference; lastKnownFileType = sourcecode.swift; path = LoginRouter.swift; sourceTree = "<group>"; };
		BFDE659B2A42EDA900D45349 /* RouterScreenProtocol.swift */ = {isa = PBXFileReference; lastKnownFileType = sourcecode.swift; path = RouterScreenProtocol.swift; sourceTree = "<group>"; };
		BFDE659E2A42EDEA00D45349 /* RouterNavigationViewModifier.swift */ = {isa = PBXFileReference; lastKnownFileType = sourcecode.swift; path = RouterNavigationViewModifier.swift; sourceTree = "<group>"; };
		BFDE65A02A42EE1300D45349 /* RouterNavigationStackModifier.swift */ = {isa = PBXFileReference; lastKnownFileType = sourcecode.swift; path = RouterNavigationStackModifier.swift; sourceTree = "<group>"; };
		BFDE65A22A42EE5300D45349 /* RouterSheetModifier.swift */ = {isa = PBXFileReference; lastKnownFileType = sourcecode.swift; path = RouterSheetModifier.swift; sourceTree = "<group>"; };
		BFDE65A42A42EEB200D45349 /* RouterAlertModifier.swift */ = {isa = PBXFileReference; lastKnownFileType = sourcecode.swift; path = RouterAlertModifier.swift; sourceTree = "<group>"; };
		BFDE65A62A42EF0E00D45349 /* RouterCloseModifier.swift */ = {isa = PBXFileReference; lastKnownFileType = sourcecode.swift; path = RouterCloseModifier.swift; sourceTree = "<group>"; };
/* End PBXFileReference section */

/* Begin PBXFrameworksBuildPhase section */
		BF8915C92A3A242F00679579 /* Frameworks */ = {
			isa = PBXFrameworksBuildPhase;
			buildActionMask = 2147483647;
			files = (
				BF76DB892A3A272D00F57257 /* Alamofire in Frameworks */,
			);
			runOnlyForDeploymentPostprocessing = 0;
		};
/* End PBXFrameworksBuildPhase section */

/* Begin PBXGroup section */
		BF76DB8C2A41479C00F57257 /* my-profile */ = {
			isa = PBXGroup;
			children = (
				BF76DBA62A4299D600F57257 /* ProfileTypes.swift */,
				BF76DBA82A429A3700F57257 /* model */,
				BF76DBAB2A429AEF00F57257 /* view */,
				BF76DBAC2A42A77900F57257 /* intent */,
				BF76DBAF2A42B09400F57257 /* router */,
				BF76DB952A416B6F00F57257 /* ProfileViewModel.swift */,
				BF76DB992A416BDB00F57257 /* ProfileAction.swift */,
				BF76DB9B2A416C2700F57257 /* ProfileState.swift */,
			);
			path = "my-profile";
			sourceTree = "<group>";
		};
		BF76DB8F2A41499300F57257 /* list */ = {
			isa = PBXGroup;
			children = (
				BF76DB8A2A3DCDCC00F57257 /* TitleList.swift */,
				BF76DB902A414F1700F57257 /* ContentList.swift */,
			);
			path = list;
			sourceTree = "<group>";
		};
		BF76DB922A41521D00F57257 /* modifier */ = {
			isa = PBXGroup;
			children = (
				BF76DB932A41523100F57257 /* BottomLineModifier.swift */,
			);
			path = modifier;
			sourceTree = "<group>";
		};
		BF76DB9D2A417D9400F57257 /* item */ = {
			isa = PBXGroup;
			children = (
				BF76DB9E2A417FE800F57257 /* TextIFieldtem.swift */,
				BF76DBA22A41C27200F57257 /* GenderPickerItem.swift */,
			);
			path = item;
			sourceTree = "<group>";
		};
		BF76DBA82A429A3700F57257 /* model */ = {
			isa = PBXGroup;
			children = (
				BF76DBA92A429A9D00F57257 /* ProfileModel.swift */,
				BF76DBA42A4298D700F57257 /* ProfileModelProtocol.swift */,
			);
			path = model;
			sourceTree = "<group>";
		};
		BF76DBAB2A429AEF00F57257 /* view */ = {
			isa = PBXGroup;
			children = (
				BF76DB8D2A4147B200F57257 /* ProfileView.swift */,
				BF76DBB52A42B4FC00F57257 /* ProfileView+Build.swift */,
			);
			path = view;
			sourceTree = "<group>";
		};
		BF76DBAC2A42A77900F57257 /* intent */ = {
			isa = PBXGroup;
			children = (
				BF76DBB72A42B6B100F57257 /* ProfileIntent.swift */,
				BF76DBAD2A42A7ED00F57257 /* ProfileIntentProtocol.swift */,
			);
			path = intent;
			sourceTree = "<group>";
		};
		BF76DBAF2A42B09400F57257 /* router */ = {
			isa = PBXGroup;
			children = (
				BF76DBB02A42B0BB00F57257 /* ProfileRouter.swift */,
			);
			path = router;
			sourceTree = "<group>";
		};
		BF76DBB22A42B16A00F57257 /* router */ = {
			isa = PBXGroup;
			children = (
				BFDE659D2A42EDD200D45349 /* modifier */,
				BF76DBB32A42B18000F57257 /* RouterProtocol.swift */,
				BFDE659B2A42EDA900D45349 /* RouterScreenProtocol.swift */,
			);
			path = router;
			sourceTree = "<group>";
		};
		BF76DBBD2A42C2EB00F57257 /* view */ = {
			isa = PBXGroup;
			children = (
				BF8915FB2A3A263A00679579 /* MyView.swift */,
				BF76DBC52A42C74F00F57257 /* MyView+Build.swift */,
			);
			path = view;
			sourceTree = "<group>";
		};
		BF76DBBE2A42C34200F57257 /* model */ = {
			isa = PBXGroup;
			children = (
				BF76DBC32A42C4C200F57257 /* MyModel.swift */,
				BF76DBBF2A42C35A00F57257 /* MyModelProtocol.swift */,
			);
			path = model;
			sourceTree = "<group>";
		};
		BF76DBC72A42C7FA00F57257 /* intent */ = {
			isa = PBXGroup;
			children = (
				BF76DBC82A42C81500F57257 /* MyIntent.swift */,
				BF76DBCA2A42C96D00F57257 /* MyIntentProtocol.swift */,
			);
			path = intent;
			sourceTree = "<group>";
		};
		BF8915C32A3A242F00679579 = {
			isa = PBXGroup;
			children = (
				BF8915CE2A3A242F00679579 /* iov-ios-app */,
				BF8915CD2A3A242F00679579 /* Products */,
			);
			sourceTree = "<group>";
		};
		BF8915CD2A3A242F00679579 /* Products */ = {
			isa = PBXGroup;
			children = (
				BF8915CC2A3A242F00679579 /* iov-ios-app.app */,
			);
			name = Products;
			sourceTree = "<group>";
		};
		BF8915CE2A3A242F00679579 /* iov-ios-app */ = {
			isa = PBXGroup;
			children = (
				BF8915DF2A3A262700679579 /* base */,
				BF89160E2A3A263E00679579 /* utils */,
				BF8915F52A3A263A00679579 /* ui */,
				BF8915EA2A3A263000679579 /* data */,
				BF8915DD2A3A261900679579 /* AppGlobalState.swift */,
				BF8915CF2A3A242F00679579 /* IovApp.swift */,
				BF8915D12A3A242F00679579 /* ContentView.swift */,
				BF8915D32A3A243000679579 /* Assets.xcassets */,
				BF8915D52A3A243000679579 /* Preview Content */,
			);
			path = "iov-ios-app";
			sourceTree = "<group>";
		};
		BF8915D52A3A243000679579 /* Preview Content */ = {
			isa = PBXGroup;
			children = (
				BF8915D62A3A243000679579 /* Preview Assets.xcassets */,
			);
			path = "Preview Content";
			sourceTree = "<group>";
		};
		BF8915DF2A3A262700679579 /* base */ = {
			isa = PBXGroup;
			children = (
				BF76DBB22A42B16A00F57257 /* router */,
				BF8915E02A3A262700679579 /* BaseViewModel.swift */,
				BF8915E12A3A262700679579 /* MviState.swift */,
				BF8915E22A3A262700679579 /* MviActionProcessor.swift */,
				BF8915E32A3A262700679579 /* MviIntent.swift */,
				BF8915E42A3A262700679579 /* MviAction.swift */,
				BF76DBB92A42B94800F57257 /* MviContainer.swift */,
				BF76DBBB2A42B9BE00F57257 /* MviModel.swift */,
			);
			path = base;
			sourceTree = "<group>";
		};
		BF8915EA2A3A263000679579 /* data */ = {
			isa = PBXGroup;
			children = (
				BF8915EB2A3A263000679579 /* bean */,
				BF8915ED2A3A263000679579 /* http */,
			);
			path = data;
			sourceTree = "<group>";
		};
		BF8915EB2A3A263000679579 /* bean */ = {
			isa = PBXGroup;
			children = (
				BF8915EC2A3A263000679579 /* HttpBean.swift */,
			);
			path = bean;
			sourceTree = "<group>";
		};
		BF8915ED2A3A263000679579 /* http */ = {
			isa = PBXGroup;
			children = (
				BF8915EE2A3A263000679579 /* BaseAPI.swift */,
				BF8915EF2A3A263000679579 /* NetworkManager.swift */,
				BF8915F02A3A263000679579 /* ServerResponse.swift */,
			);
			path = http;
			sourceTree = "<group>";
		};
		BF8915F52A3A263A00679579 /* ui */ = {
			isa = PBXGroup;
			children = (
				BF8915F62A3A263A00679579 /* page */,
				BF8916022A3A263A00679579 /* widget */,
			);
			path = ui;
			sourceTree = "<group>";
		};
		BF8915F62A3A263A00679579 /* page */ = {
			isa = PBXGroup;
			children = (
				BF8915F72A3A263A00679579 /* common */,
				BF8915FA2A3A263A00679579 /* my */,
				BF76DB8C2A41479C00F57257 /* my-profile */,
				BF8915FC2A3A263A00679579 /* login */,
			);
			path = page;
			sourceTree = "<group>";
		};
		BF8915F72A3A263A00679579 /* common */ = {
			isa = PBXGroup;
			children = (
				BF8915F82A3A263A00679579 /* BottomNavView.swift */,
				BF8915F92A3A263A00679579 /* HomeEntry.swift */,
			);
			path = common;
			sourceTree = "<group>";
		};
		BF8915FA2A3A263A00679579 /* my */ = {
			isa = PBXGroup;
			children = (
				BF76DBC12A42C3EC00F57257 /* MyTypes.swift */,
				BF76DBBE2A42C34200F57257 /* model */,
				BF76DBBD2A42C2EB00F57257 /* view */,
				BF76DBC72A42C7FA00F57257 /* intent */,
			);
			path = my;
			sourceTree = "<group>";
		};
		BF8915FC2A3A263A00679579 /* login */ = {
			isa = PBXGroup;
			children = (
				BFDE65962A42DCDA00D45349 /* LoginTypes.swift */,
				BFDE658C2A42D97E00D45349 /* model */,
				BFDE65892A42D92500D45349 /* view */,
				BFDE65912A42DA1A00D45349 /* intent */,
				BFDE65982A42EC0D00D45349 /* router */,
			);
			path = login;
			sourceTree = "<group>";
		};
		BF8916022A3A263A00679579 /* widget */ = {
			isa = PBXGroup;
			children = (
				BF76DB9D2A417D9400F57257 /* item */,
				BF76DB922A41521D00F57257 /* modifier */,
				BF76DB8F2A41499300F57257 /* list */,
				BF8916032A3A263A00679579 /* bar */,
			);
			path = widget;
			sourceTree = "<group>";
		};
		BF8916032A3A263A00679579 /* bar */ = {
			isa = PBXGroup;
			children = (
				BF8916042A3A263A00679579 /* TopTitleBar.swift */,
			);
			path = bar;
			sourceTree = "<group>";
		};
		BF89160E2A3A263E00679579 /* utils */ = {
			isa = PBXGroup;
			children = (
				BF89160F2A3A263E00679579 /* CodableDefault.swift */,
				BF8916102A3A263E00679579 /* AppUserUtil.swift */,
				BF76DBA02A41BE6400F57257 /* Extensions.swift */,
			);
			path = utils;
			sourceTree = "<group>";
		};
		BFDE65892A42D92500D45349 /* view */ = {
			isa = PBXGroup;
			children = (
				BF8915FD2A3A263A00679579 /* LoginView.swift */,
				BFDE658A2A42D94E00D45349 /* LoginView+Build.swift */,
			);
			path = view;
			sourceTree = "<group>";
		};
		BFDE658C2A42D97E00D45349 /* model */ = {
			isa = PBXGroup;
			children = (
				BFDE658D2A42D99600D45349 /* LoginModel.swift */,
				BFDE658F2A42D9BF00D45349 /* LoginModelProtocol.swift */,
			);
			path = model;
			sourceTree = "<group>";
		};
		BFDE65912A42DA1A00D45349 /* intent */ = {
			isa = PBXGroup;
			children = (
				BFDE65922A42DA2D00D45349 /* LoginIntent.swift */,
				BFDE65942A42DB8A00D45349 /* LoginIntentProtocol.swift */,
			);
			path = intent;
			sourceTree = "<group>";
		};
		BFDE65982A42EC0D00D45349 /* router */ = {
			isa = PBXGroup;
			children = (
				BFDE65992A42EC3C00D45349 /* LoginRouter.swift */,
			);
			path = router;
			sourceTree = "<group>";
		};
		BFDE659D2A42EDD200D45349 /* modifier */ = {
			isa = PBXGroup;
			children = (
				BFDE659E2A42EDEA00D45349 /* RouterNavigationViewModifier.swift */,
				BFDE65A02A42EE1300D45349 /* RouterNavigationStackModifier.swift */,
				BFDE65A22A42EE5300D45349 /* RouterSheetModifier.swift */,
				BFDE65A42A42EEB200D45349 /* RouterAlertModifier.swift */,
				BFDE65A62A42EF0E00D45349 /* RouterCloseModifier.swift */,
			);
			path = modifier;
			sourceTree = "<group>";
		};
/* End PBXGroup section */

/* Begin PBXNativeTarget section */
		BF8915CB2A3A242F00679579 /* iov-ios-app */ = {
			isa = PBXNativeTarget;
			buildConfigurationList = BF8915DA2A3A243000679579 /* Build configuration list for PBXNativeTarget "iov-ios-app" */;
			buildPhases = (
				BF8915C82A3A242F00679579 /* Sources */,
				BF8915C92A3A242F00679579 /* Frameworks */,
				BF8915CA2A3A242F00679579 /* Resources */,
			);
			buildRules = (
			);
			dependencies = (
			);
			name = "iov-ios-app";
			packageProductDependencies = (
				BF76DB882A3A272D00F57257 /* Alamofire */,
			);
			productName = "iov-ios-app";
			productReference = BF8915CC2A3A242F00679579 /* iov-ios-app.app */;
			productType = "com.apple.product-type.application";
		};
/* End PBXNativeTarget section */

/* Begin PBXProject section */
		BF8915C42A3A242F00679579 /* Project object */ = {
			isa = PBXProject;
			attributes = {
				BuildIndependentTargetsInParallel = 1;
				LastSwiftUpdateCheck = 1420;
				LastUpgradeCheck = 1420;
				TargetAttributes = {
					BF8915CB2A3A242F00679579 = {
						CreatedOnToolsVersion = 14.2;
					};
				};
			};
			buildConfigurationList = BF8915C72A3A242F00679579 /* Build configuration list for PBXProject "iov-ios-app" */;
			compatibilityVersion = "Xcode 14.0";
			developmentRegion = en;
			hasScannedForEncodings = 0;
			knownRegions = (
				en,
				Base,
			);
			mainGroup = BF8915C32A3A242F00679579;
			packageReferences = (
				BF76DB872A3A272D00F57257 /* XCRemoteSwiftPackageReference "Alamofire" */,
			);
			productRefGroup = BF8915CD2A3A242F00679579 /* Products */;
			projectDirPath = "";
			projectRoot = "";
			targets = (
				BF8915CB2A3A242F00679579 /* iov-ios-app */,
			);
		};
/* End PBXProject section */

/* Begin PBXResourcesBuildPhase section */
		BF8915CA2A3A242F00679579 /* Resources */ = {
			isa = PBXResourcesBuildPhase;
			buildActionMask = 2147483647;
			files = (
				BF8915D72A3A243000679579 /* Preview Assets.xcassets in Resources */,
				BF8915D42A3A243000679579 /* Assets.xcassets in Resources */,
			);
			runOnlyForDeploymentPostprocessing = 0;
		};
/* End PBXResourcesBuildPhase section */

/* Begin PBXSourcesBuildPhase section */
		BF8915C82A3A242F00679579 /* Sources */ = {
			isa = PBXSourcesBuildPhase;
			buildActionMask = 2147483647;
			files = (
				BF8915E62A3A262700679579 /* MviState.swift in Sources */,
				BF76DBAE2A42A7ED00F57257 /* ProfileIntentProtocol.swift in Sources */,
				BF76DBB42A42B18000F57257 /* RouterProtocol.swift in Sources */,
				BF8915F42A3A263000679579 /* ServerResponse.swift in Sources */,
				BFDE65932A42DA2D00D45349 /* LoginIntent.swift in Sources */,
				BF76DBC02A42C35A00F57257 /* MyModelProtocol.swift in Sources */,
				BF76DBA72A4299D600F57257 /* ProfileTypes.swift in Sources */,
				BF76DB9C2A416C2700F57257 /* ProfileState.swift in Sources */,
				BF8916052A3A263A00679579 /* BottomNavView.swift in Sources */,
				BF8915E72A3A262700679579 /* MviActionProcessor.swift in Sources */,
				BF76DB9A2A416BDB00F57257 /* ProfileAction.swift in Sources */,
				BF76DBBA2A42B94800F57257 /* MviContainer.swift in Sources */,
				BF76DB962A416B6F00F57257 /* ProfileViewModel.swift in Sources */,
				BFDE65A52A42EEB200D45349 /* RouterAlertModifier.swift in Sources */,
				BF8915D22A3A242F00679579 /* ContentView.swift in Sources */,
				BF76DB912A414F1700F57257 /* ContentList.swift in Sources */,
				BF76DB8E2A4147B200F57257 /* ProfileView.swift in Sources */,
				BF76DBC92A42C81500F57257 /* MyIntent.swift in Sources */,
				BF8915F12A3A263000679579 /* HttpBean.swift in Sources */,
				BFDE65902A42D9BF00D45349 /* LoginModelProtocol.swift in Sources */,
				BF8916122A3A263F00679579 /* AppUserUtil.swift in Sources */,
				BF76DBB62A42B4FC00F57257 /* ProfileView+Build.swift in Sources */,
				BF76DBC22A42C3EC00F57257 /* MyTypes.swift in Sources */,
				BF8915F32A3A263000679579 /* NetworkManager.swift in Sources */,
				BFDE659F2A42EDEA00D45349 /* RouterNavigationViewModifier.swift in Sources */,
				BF89160D2A3A263A00679579 /* TopTitleBar.swift in Sources */,
				BF8916072A3A263A00679579 /* MyView.swift in Sources */,
				BFDE658E2A42D99600D45349 /* LoginModel.swift in Sources */,
				BFDE658B2A42D94E00D45349 /* LoginView+Build.swift in Sources */,
				BF8916062A3A263A00679579 /* HomeEntry.swift in Sources */,
				BF76DB942A41523100F57257 /* BottomLineModifier.swift in Sources */,
				BF8915E52A3A262700679579 /* BaseViewModel.swift in Sources */,
				BF76DBA52A4298D700F57257 /* ProfileModelProtocol.swift in Sources */,
				BF8915E92A3A262700679579 /* MviAction.swift in Sources */,
				BF76DBB12A42B0BB00F57257 /* ProfileRouter.swift in Sources */,
				BF76DBC62A42C74F00F57257 /* MyView+Build.swift in Sources */,
				BF76DBAA2A429A9D00F57257 /* ProfileModel.swift in Sources */,
				BF8915D02A3A242F00679579 /* IovApp.swift in Sources */,
				BFDE65A32A42EE5300D45349 /* RouterSheetModifier.swift in Sources */,
				BFDE659C2A42EDA900D45349 /* RouterScreenProtocol.swift in Sources */,
				BF76DBA32A41C27200F57257 /* GenderPickerItem.swift in Sources */,
				BFDE65952A42DB8A00D45349 /* LoginIntentProtocol.swift in Sources */,
				BF8915E82A3A262700679579 /* MviIntent.swift in Sources */,
				BF8916112A3A263F00679579 /* CodableDefault.swift in Sources */,
				BFDE65A72A42EF0E00D45349 /* RouterCloseModifier.swift in Sources */,
				BF76DBC42A42C4C200F57257 /* MyModel.swift in Sources */,
				BF76DBB82A42B6B100F57257 /* ProfileIntent.swift in Sources */,
				BFDE65972A42DCDA00D45349 /* LoginTypes.swift in Sources */,
				BF8915DE2A3A261A00679579 /* AppGlobalState.swift in Sources */,
				BF76DBBC2A42B9BE00F57257 /* MviModel.swift in Sources */,
				BF8916082A3A263A00679579 /* LoginView.swift in Sources */,
				BF76DBCB2A42C96D00F57257 /* MyIntentProtocol.swift in Sources */,
				BF76DB9F2A417FE800F57257 /* TextIFieldtem.swift in Sources */,
				BF8915F22A3A263000679579 /* BaseAPI.swift in Sources */,
				BF76DBA12A41BE6400F57257 /* Extensions.swift in Sources */,
				BFDE65A12A42EE1300D45349 /* RouterNavigationStackModifier.swift in Sources */,
				BFDE659A2A42EC3C00D45349 /* LoginRouter.swift in Sources */,
				BF76DB8B2A3DCDCC00F57257 /* TitleList.swift in Sources */,
			);
			runOnlyForDeploymentPostprocessing = 0;
		};
/* End PBXSourcesBuildPhase section */

/* Begin XCBuildConfiguration section */
		BF8915D82A3A243000679579 /* Debug */ = {
			isa = XCBuildConfiguration;
			buildSettings = {
				ALWAYS_SEARCH_USER_PATHS = NO;
				CLANG_ANALYZER_NONNULL = YES;
				CLANG_ANALYZER_NUMBER_OBJECT_CONVERSION = YES_AGGRESSIVE;
				CLANG_CXX_LANGUAGE_STANDARD = "gnu++20";
				CLANG_ENABLE_MODULES = YES;
				CLANG_ENABLE_OBJC_ARC = YES;
				CLANG_ENABLE_OBJC_WEAK = YES;
				CLANG_WARN_BLOCK_CAPTURE_AUTORELEASING = YES;
				CLANG_WARN_BOOL_CONVERSION = YES;
				CLANG_WARN_COMMA = YES;
				CLANG_WARN_CONSTANT_CONVERSION = YES;
				CLANG_WARN_DEPRECATED_OBJC_IMPLEMENTATIONS = YES;
				CLANG_WARN_DIRECT_OBJC_ISA_USAGE = YES_ERROR;
				CLANG_WARN_DOCUMENTATION_COMMENTS = YES;
				CLANG_WARN_EMPTY_BODY = YES;
				CLANG_WARN_ENUM_CONVERSION = YES;
				CLANG_WARN_INFINITE_RECURSION = YES;
				CLANG_WARN_INT_CONVERSION = YES;
				CLANG_WARN_NON_LITERAL_NULL_CONVERSION = YES;
				CLANG_WARN_OBJC_IMPLICIT_RETAIN_SELF = YES;
				CLANG_WARN_OBJC_LITERAL_CONVERSION = YES;
				CLANG_WARN_OBJC_ROOT_CLASS = YES_ERROR;
				CLANG_WARN_QUOTED_INCLUDE_IN_FRAMEWORK_HEADER = YES;
				CLANG_WARN_RANGE_LOOP_ANALYSIS = YES;
				CLANG_WARN_STRICT_PROTOTYPES = YES;
				CLANG_WARN_SUSPICIOUS_MOVE = YES;
				CLANG_WARN_UNGUARDED_AVAILABILITY = YES_AGGRESSIVE;
				CLANG_WARN_UNREACHABLE_CODE = YES;
				CLANG_WARN__DUPLICATE_METHOD_MATCH = YES;
				COPY_PHASE_STRIP = NO;
				DEBUG_INFORMATION_FORMAT = dwarf;
				ENABLE_STRICT_OBJC_MSGSEND = YES;
				ENABLE_TESTABILITY = YES;
				GCC_C_LANGUAGE_STANDARD = gnu11;
				GCC_DYNAMIC_NO_PIC = NO;
				GCC_NO_COMMON_BLOCKS = YES;
				GCC_OPTIMIZATION_LEVEL = 0;
				GCC_PREPROCESSOR_DEFINITIONS = (
					"DEBUG=1",
					"$(inherited)",
				);
				GCC_WARN_64_TO_32_BIT_CONVERSION = YES;
				GCC_WARN_ABOUT_RETURN_TYPE = YES_ERROR;
				GCC_WARN_UNDECLARED_SELECTOR = YES;
				GCC_WARN_UNINITIALIZED_AUTOS = YES_AGGRESSIVE;
				GCC_WARN_UNUSED_FUNCTION = YES;
				GCC_WARN_UNUSED_VARIABLE = YES;
				IPHONEOS_DEPLOYMENT_TARGET = 16.2;
				MTL_ENABLE_DEBUG_INFO = INCLUDE_SOURCE;
				MTL_FAST_MATH = YES;
				ONLY_ACTIVE_ARCH = YES;
				SDKROOT = iphoneos;
				SWIFT_ACTIVE_COMPILATION_CONDITIONS = DEBUG;
				SWIFT_OPTIMIZATION_LEVEL = "-Onone";
			};
			name = Debug;
		};
		BF8915D92A3A243000679579 /* Release */ = {
			isa = XCBuildConfiguration;
			buildSettings = {
				ALWAYS_SEARCH_USER_PATHS = NO;
				CLANG_ANALYZER_NONNULL = YES;
				CLANG_ANALYZER_NUMBER_OBJECT_CONVERSION = YES_AGGRESSIVE;
				CLANG_CXX_LANGUAGE_STANDARD = "gnu++20";
				CLANG_ENABLE_MODULES = YES;
				CLANG_ENABLE_OBJC_ARC = YES;
				CLANG_ENABLE_OBJC_WEAK = YES;
				CLANG_WARN_BLOCK_CAPTURE_AUTORELEASING = YES;
				CLANG_WARN_BOOL_CONVERSION = YES;
				CLANG_WARN_COMMA = YES;
				CLANG_WARN_CONSTANT_CONVERSION = YES;
				CLANG_WARN_DEPRECATED_OBJC_IMPLEMENTATIONS = YES;
				CLANG_WARN_DIRECT_OBJC_ISA_USAGE = YES_ERROR;
				CLANG_WARN_DOCUMENTATION_COMMENTS = YES;
				CLANG_WARN_EMPTY_BODY = YES;
				CLANG_WARN_ENUM_CONVERSION = YES;
				CLANG_WARN_INFINITE_RECURSION = YES;
				CLANG_WARN_INT_CONVERSION = YES;
				CLANG_WARN_NON_LITERAL_NULL_CONVERSION = YES;
				CLANG_WARN_OBJC_IMPLICIT_RETAIN_SELF = YES;
				CLANG_WARN_OBJC_LITERAL_CONVERSION = YES;
				CLANG_WARN_OBJC_ROOT_CLASS = YES_ERROR;
				CLANG_WARN_QUOTED_INCLUDE_IN_FRAMEWORK_HEADER = YES;
				CLANG_WARN_RANGE_LOOP_ANALYSIS = YES;
				CLANG_WARN_STRICT_PROTOTYPES = YES;
				CLANG_WARN_SUSPICIOUS_MOVE = YES;
				CLANG_WARN_UNGUARDED_AVAILABILITY = YES_AGGRESSIVE;
				CLANG_WARN_UNREACHABLE_CODE = YES;
				CLANG_WARN__DUPLICATE_METHOD_MATCH = YES;
				COPY_PHASE_STRIP = NO;
				DEBUG_INFORMATION_FORMAT = "dwarf-with-dsym";
				ENABLE_NS_ASSERTIONS = NO;
				ENABLE_STRICT_OBJC_MSGSEND = YES;
				GCC_C_LANGUAGE_STANDARD = gnu11;
				GCC_NO_COMMON_BLOCKS = YES;
				GCC_WARN_64_TO_32_BIT_CONVERSION = YES;
				GCC_WARN_ABOUT_RETURN_TYPE = YES_ERROR;
				GCC_WARN_UNDECLARED_SELECTOR = YES;
				GCC_WARN_UNINITIALIZED_AUTOS = YES_AGGRESSIVE;
				GCC_WARN_UNUSED_FUNCTION = YES;
				GCC_WARN_UNUSED_VARIABLE = YES;
				IPHONEOS_DEPLOYMENT_TARGET = 16.2;
				MTL_ENABLE_DEBUG_INFO = NO;
				MTL_FAST_MATH = YES;
				SDKROOT = iphoneos;
				SWIFT_COMPILATION_MODE = wholemodule;
				SWIFT_OPTIMIZATION_LEVEL = "-O";
				VALIDATE_PRODUCT = YES;
			};
			name = Release;
		};
		BF8915DB2A3A243000679579 /* Debug */ = {
			isa = XCBuildConfiguration;
			buildSettings = {
				ASSETCATALOG_COMPILER_APPICON_NAME = AppIcon;
				ASSETCATALOG_COMPILER_GLOBAL_ACCENT_COLOR_NAME = AccentColor;
				CODE_SIGN_STYLE = Automatic;
				CURRENT_PROJECT_VERSION = 1;
				DEVELOPMENT_ASSET_PATHS = "\"iov-ios-app/Preview Content\"";
				DEVELOPMENT_TEAM = 59LC28836W;
				ENABLE_PREVIEWS = YES;
				GENERATE_INFOPLIST_FILE = YES;
				INFOPLIST_KEY_UIApplicationSceneManifest_Generation = YES;
				INFOPLIST_KEY_UIApplicationSupportsIndirectInputEvents = YES;
				INFOPLIST_KEY_UILaunchScreen_Generation = YES;
				INFOPLIST_KEY_UISupportedInterfaceOrientations_iPad = "UIInterfaceOrientationPortrait UIInterfaceOrientationPortraitUpsideDown UIInterfaceOrientationLandscapeLeft UIInterfaceOrientationLandscapeRight";
				INFOPLIST_KEY_UISupportedInterfaceOrientations_iPhone = "UIInterfaceOrientationPortrait UIInterfaceOrientationLandscapeLeft UIInterfaceOrientationLandscapeRight";
				LD_RUNPATH_SEARCH_PATHS = (
					"$(inherited)",
					"@executable_path/Frameworks",
				);
				MARKETING_VERSION = 1.0;
				PRODUCT_BUNDLE_IDENTIFIER = "net.hwyz.iov-ios-app";
				PRODUCT_NAME = "$(TARGET_NAME)";
				SWIFT_EMIT_LOC_STRINGS = YES;
				SWIFT_VERSION = 5.0;
				TARGETED_DEVICE_FAMILY = "1,2";
			};
			name = Debug;
		};
		BF8915DC2A3A243000679579 /* Release */ = {
			isa = XCBuildConfiguration;
			buildSettings = {
				ASSETCATALOG_COMPILER_APPICON_NAME = AppIcon;
				ASSETCATALOG_COMPILER_GLOBAL_ACCENT_COLOR_NAME = AccentColor;
				CODE_SIGN_STYLE = Automatic;
				CURRENT_PROJECT_VERSION = 1;
				DEVELOPMENT_ASSET_PATHS = "\"iov-ios-app/Preview Content\"";
				DEVELOPMENT_TEAM = 59LC28836W;
				ENABLE_PREVIEWS = YES;
				GENERATE_INFOPLIST_FILE = YES;
				INFOPLIST_KEY_UIApplicationSceneManifest_Generation = YES;
				INFOPLIST_KEY_UIApplicationSupportsIndirectInputEvents = YES;
				INFOPLIST_KEY_UILaunchScreen_Generation = YES;
				INFOPLIST_KEY_UISupportedInterfaceOrientations_iPad = "UIInterfaceOrientationPortrait UIInterfaceOrientationPortraitUpsideDown UIInterfaceOrientationLandscapeLeft UIInterfaceOrientationLandscapeRight";
				INFOPLIST_KEY_UISupportedInterfaceOrientations_iPhone = "UIInterfaceOrientationPortrait UIInterfaceOrientationLandscapeLeft UIInterfaceOrientationLandscapeRight";
				LD_RUNPATH_SEARCH_PATHS = (
					"$(inherited)",
					"@executable_path/Frameworks",
				);
				MARKETING_VERSION = 1.0;
				PRODUCT_BUNDLE_IDENTIFIER = "net.hwyz.iov-ios-app";
				PRODUCT_NAME = "$(TARGET_NAME)";
				SWIFT_EMIT_LOC_STRINGS = YES;
				SWIFT_VERSION = 5.0;
				TARGETED_DEVICE_FAMILY = "1,2";
			};
			name = Release;
		};
/* End XCBuildConfiguration section */

/* Begin XCConfigurationList section */
		BF8915C72A3A242F00679579 /* Build configuration list for PBXProject "iov-ios-app" */ = {
			isa = XCConfigurationList;
			buildConfigurations = (
				BF8915D82A3A243000679579 /* Debug */,
				BF8915D92A3A243000679579 /* Release */,
			);
			defaultConfigurationIsVisible = 0;
			defaultConfigurationName = Release;
		};
		BF8915DA2A3A243000679579 /* Build configuration list for PBXNativeTarget "iov-ios-app" */ = {
			isa = XCConfigurationList;
			buildConfigurations = (
				BF8915DB2A3A243000679579 /* Debug */,
				BF8915DC2A3A243000679579 /* Release */,
			);
			defaultConfigurationIsVisible = 0;
			defaultConfigurationName = Release;
		};
/* End XCConfigurationList section */

/* Begin XCRemoteSwiftPackageReference section */
		BF76DB872A3A272D00F57257 /* XCRemoteSwiftPackageReference "Alamofire" */ = {
			isa = XCRemoteSwiftPackageReference;
			repositoryURL = "https://github.com/Alamofire/Alamofire";
			requirement = {
				kind = upToNextMajorVersion;
				minimumVersion = 5.0.0;
			};
		};
/* End XCRemoteSwiftPackageReference section */

/* Begin XCSwiftPackageProductDependency section */
		BF76DB882A3A272D00F57257 /* Alamofire */ = {
			isa = XCSwiftPackageProductDependency;
			package = BF76DB872A3A272D00F57257 /* XCRemoteSwiftPackageReference "Alamofire" */;
			productName = Alamofire;
		};
/* End XCSwiftPackageProductDependency section */
	};
	rootObject = BF8915C42A3A242F00679579 /* Project object */;
}
